PODS:
  - NMapsGeometry (1.0.1)
  - NMapsMap (3.18.0):
    - NMapsGeometry

DEPENDENCIES:
  - NMapsMap

SPEC REPOS:
  trunk:
    - NMapsGeometry
    - NMapsMap

SPEC CHECKSUMS:
  NMapsGeometry: 53c573ead66466681cf123f99f698dc8071a4b83
  NMapsMap: 36dc18a1f5f315121b33fccd2398c7a702bf0fc8

PODFILE CHECKSUM: 701b60e0113e4cd5cbf9d118354ebbde8ecd47ff

COCOAPODS: 1.14.3
