// !$*UTF8*$!
{
	archiveVersion = 1;
	classes = {
	};
	objectVersion = 56;
	objects = {

/* Begin PBXBuildFile section */
		961F1F9E2B859CE300E2EF0A /* MainTabBarViewController.swift in Sources */ = {isa = PBXBuildFile; fileRef = 961F1F9D2B859CE300E2EF0A /* MainTabBarViewController.swift */; };
		96C04C922B67E880002D3E84 /* AlertHelper.swift in Sources */ = {isa = PBXBuildFile; fileRef = 96C04C912B67E880002D3E84 /* AlertHelper.swift */; };
		96F17E512B60F94A003584D3 /* AppDelegate.swift in Sources */ = {isa = PBXBuildFile; fileRef = 96F17E502B60F94A003584D3 /* AppDelegate.swift */; };
		96F17E532B60F94A003584D3 /* SceneDelegate.swift in Sources */ = {isa = PBXBuildFile; fileRef = 96F17E522B60F94A003584D3 /* SceneDelegate.swift */; };
		96F17E582B60F94A003584D3 /* Main.storyboard in Resources */ = {isa = PBXBuildFile; fileRef = 96F17E562B60F94A003584D3 /* Main.storyboard */; };
		96F17E5A2B60F94B003584D3 /* Assets.xcassets in Resources */ = {isa = PBXBuildFile; fileRef = 96F17E592B60F94B003584D3 /* Assets.xcassets */; };
		96F17E5D2B60F94B003584D3 /* LaunchScreen.storyboard in Resources */ = {isa = PBXBuildFile; fileRef = 96F17E5B2B60F94B003584D3 /* LaunchScreen.storyboard */; };
		96F17E682B60F94B003584D3 /* WeMapTests.swift in Sources */ = {isa = PBXBuildFile; fileRef = 96F17E672B60F94B003584D3 /* WeMapTests.swift */; };
		96F17E722B60F94B003584D3 /* WeMapUITests.swift in Sources */ = {isa = PBXBuildFile; fileRef = 96F17E712B60F94B003584D3 /* WeMapUITests.swift */; };
		96F17E742B60F94B003584D3 /* WeMapUITestsLaunchTests.swift in Sources */ = {isa = PBXBuildFile; fileRef = 96F17E732B60F94B003584D3 /* WeMapUITestsLaunchTests.swift */; };
		96F17E832B610005003584D3 /* GoogleService-Info.plist in Resources */ = {isa = PBXBuildFile; fileRef = 96F17E822B610005003584D3 /* GoogleService-Info.plist */; };
		96F17E862B6100CE003584D3 /* FirebaseAnalytics in Frameworks */ = {isa = PBXBuildFile; productRef = 96F17E852B6100CE003584D3 /* FirebaseAnalytics */; };
		96F17E882B6100CE003584D3 /* FirebaseAnalyticsOnDeviceConversion in Frameworks */ = {isa = PBXBuildFile; productRef = 96F17E872B6100CE003584D3 /* FirebaseAnalyticsOnDeviceConversion */; };
		96F17E8A2B6100CE003584D3 /* FirebaseAnalyticsSwift in Frameworks */ = {isa = PBXBuildFile; productRef = 96F17E892B6100CE003584D3 /* FirebaseAnalyticsSwift */; };
		96F17E8C2B6100CE003584D3 /* FirebaseAnalyticsWithoutAdIdSupport in Frameworks */ = {isa = PBXBuildFile; productRef = 96F17E8B2B6100CE003584D3 /* FirebaseAnalyticsWithoutAdIdSupport */; };
		96F17E8E2B6100CE003584D3 /* FirebaseAppCheck in Frameworks */ = {isa = PBXBuildFile; productRef = 96F17E8D2B6100CE003584D3 /* FirebaseAppCheck */; };
		96F17E902B6100CE003584D3 /* FirebaseAppDistribution-Beta in Frameworks */ = {isa = PBXBuildFile; productRef = 96F17E8F2B6100CE003584D3 /* FirebaseAppDistribution-Beta */; };
		96F17E922B6100CE003584D3 /* FirebaseAuth in Frameworks */ = {isa = PBXBuildFile; productRef = 96F17E912B6100CE003584D3 /* FirebaseAuth */; };
		96F17E942B6100CE003584D3 /* FirebaseAuthCombine-Community in Frameworks */ = {isa = PBXBuildFile; productRef = 96F17E932B6100CE003584D3 /* FirebaseAuthCombine-Community */; };
		96F17E962B6100CE003584D3 /* FirebaseCrashlytics in Frameworks */ = {isa = PBXBuildFile; productRef = 96F17E952B6100CE003584D3 /* FirebaseCrashlytics */; };
		96F17E982B6100CE003584D3 /* FirebaseDatabase in Frameworks */ = {isa = PBXBuildFile; productRef = 96F17E972B6100CE003584D3 /* FirebaseDatabase */; };
		96F17E9A2B6100CE003584D3 /* FirebaseDatabaseSwift in Frameworks */ = {isa = PBXBuildFile; productRef = 96F17E992B6100CE003584D3 /* FirebaseDatabaseSwift */; };
		96F17E9C2B6100CE003584D3 /* FirebaseDynamicLinks in Frameworks */ = {isa = PBXBuildFile; productRef = 96F17E9B2B6100CE003584D3 /* FirebaseDynamicLinks */; };
		96F17E9E2B6100CE003584D3 /* FirebaseFirestore in Frameworks */ = {isa = PBXBuildFile; productRef = 96F17E9D2B6100CE003584D3 /* FirebaseFirestore */; };
		96F17EA02B6100CE003584D3 /* FirebaseFirestoreCombine-Community in Frameworks */ = {isa = PBXBuildFile; productRef = 96F17E9F2B6100CE003584D3 /* FirebaseFirestoreCombine-Community */; };
		96F17EA22B6100CE003584D3 /* FirebaseFirestoreSwift in Frameworks */ = {isa = PBXBuildFile; productRef = 96F17EA12B6100CE003584D3 /* FirebaseFirestoreSwift */; };
		96F17EA42B6100CE003584D3 /* FirebaseFunctions in Frameworks */ = {isa = PBXBuildFile; productRef = 96F17EA32B6100CE003584D3 /* FirebaseFunctions */; };
		96F17EA62B6100CE003584D3 /* FirebaseFunctionsCombine-Community in Frameworks */ = {isa = PBXBuildFile; productRef = 96F17EA52B6100CE003584D3 /* FirebaseFunctionsCombine-Community */; };
		96F17EA82B6100CE003584D3 /* FirebaseInAppMessaging-Beta in Frameworks */ = {isa = PBXBuildFile; productRef = 96F17EA72B6100CE003584D3 /* FirebaseInAppMessaging-Beta */; };
		96F17EAA2B6100CE003584D3 /* FirebaseInAppMessagingSwift-Beta in Frameworks */ = {isa = PBXBuildFile; productRef = 96F17EA92B6100CE003584D3 /* FirebaseInAppMessagingSwift-Beta */; };
		96F17EAC2B6100CE003584D3 /* FirebaseInstallations in Frameworks */ = {isa = PBXBuildFile; productRef = 96F17EAB2B6100CE003584D3 /* FirebaseInstallations */; };
		96F17EAE2B6100CE003584D3 /* FirebaseMLModelDownloader in Frameworks */ = {isa = PBXBuildFile; productRef = 96F17EAD2B6100CE003584D3 /* FirebaseMLModelDownloader */; };
		96F17EB02B6100CE003584D3 /* FirebaseMessaging in Frameworks */ = {isa = PBXBuildFile; productRef = 96F17EAF2B6100CE003584D3 /* FirebaseMessaging */; };
		96F17EB22B6100CE003584D3 /* FirebasePerformance in Frameworks */ = {isa = PBXBuildFile; productRef = 96F17EB12B6100CE003584D3 /* FirebasePerformance */; };
		96F17EB42B6100CE003584D3 /* FirebaseRemoteConfig in Frameworks */ = {isa = PBXBuildFile; productRef = 96F17EB32B6100CE003584D3 /* FirebaseRemoteConfig */; };
		96F17EB62B6100CE003584D3 /* FirebaseRemoteConfigSwift in Frameworks */ = {isa = PBXBuildFile; productRef = 96F17EB52B6100CE003584D3 /* FirebaseRemoteConfigSwift */; };
		96F17EB82B6100CE003584D3 /* FirebaseStorage in Frameworks */ = {isa = PBXBuildFile; productRef = 96F17EB72B6100CE003584D3 /* FirebaseStorage */; };
		96F17EBA2B6100CE003584D3 /* FirebaseStorageCombine-Community in Frameworks */ = {isa = PBXBuildFile; productRef = 96F17EB92B6100CE003584D3 /* FirebaseStorageCombine-Community */; };
		96F17EBE2B6122EC003584D3 /* SignInViewController.swift in Sources */ = {isa = PBXBuildFile; fileRef = 96F17EBD2B6122EC003584D3 /* SignInViewController.swift */; };
		96F17EC02B612327003584D3 /* SignUpViewController.swift in Sources */ = {isa = PBXBuildFile; fileRef = 96F17EBF2B612327003584D3 /* SignUpViewController.swift */; };
/* End PBXBuildFile section */

/* Begin PBXContainerItemProxy section */
		96F17E642B60F94B003584D3 /* PBXContainerItemProxy */ = {
			isa = PBXContainerItemProxy;
			containerPortal = 96F17E452B60F94A003584D3 /* Project object */;
			proxyType = 1;
			remoteGlobalIDString = 96F17E4C2B60F94A003584D3;
			remoteInfo = WeMap;
		};
		96F17E6E2B60F94B003584D3 /* PBXContainerItemProxy */ = {
			isa = PBXContainerItemProxy;
			containerPortal = 96F17E452B60F94A003584D3 /* Project object */;
			proxyType = 1;
			remoteGlobalIDString = 96F17E4C2B60F94A003584D3;
			remoteInfo = WeMap;
		};
/* End PBXContainerItemProxy section */

/* Begin PBXFileReference section */
		961F1F9D2B859CE300E2EF0A /* MainTabBarViewController.swift */ = {isa = PBXFileReference; lastKnownFileType = sourcecode.swift; path = MainTabBarViewController.swift; sourceTree = "<group>"; };
		96C04C912B67E880002D3E84 /* AlertHelper.swift */ = {isa = PBXFileReference; lastKnownFileType = sourcecode.swift; path = AlertHelper.swift; sourceTree = "<group>"; };
		96F17E4D2B60F94A003584D3 /* WeMap.app */ = {isa = PBXFileReference; explicitFileType = wrapper.application; includeInIndex = 0; path = WeMap.app; sourceTree = BUILT_PRODUCTS_DIR; };
		96F17E502B60F94A003584D3 /* AppDelegate.swift */ = {isa = PBXFileReference; lastKnownFileType = sourcecode.swift; path = AppDelegate.swift; sourceTree = "<group>"; };
		96F17E522B60F94A003584D3 /* SceneDelegate.swift */ = {isa = PBXFileReference; lastKnownFileType = sourcecode.swift; path = SceneDelegate.swift; sourceTree = "<group>"; };
		96F17E572B60F94A003584D3 /* Base */ = {isa = PBXFileReference; lastKnownFileType = file.storyboard; name = Base; path = Base.lproj/Main.storyboard; sourceTree = "<group>"; };
		96F17E592B60F94B003584D3 /* Assets.xcassets */ = {isa = PBXFileReference; lastKnownFileType = folder.assetcatalog; path = Assets.xcassets; sourceTree = "<group>"; };
		96F17E5C2B60F94B003584D3 /* Base */ = {isa = PBXFileReference; lastKnownFileType = file.storyboard; name = Base; path = Base.lproj/LaunchScreen.storyboard; sourceTree = "<group>"; };
		96F17E5E2B60F94B003584D3 /* Info.plist */ = {isa = PBXFileReference; lastKnownFileType = text.plist.xml; path = Info.plist; sourceTree = "<group>"; };
		96F17E632B60F94B003584D3 /* WeMapTests.xctest */ = {isa = PBXFileReference; explicitFileType = wrapper.cfbundle; includeInIndex = 0; path = WeMapTests.xctest; sourceTree = BUILT_PRODUCTS_DIR; };
		96F17E672B60F94B003584D3 /* WeMapTests.swift */ = {isa = PBXFileReference; lastKnownFileType = sourcecode.swift; path = WeMapTests.swift; sourceTree = "<group>"; };
		96F17E6D2B60F94B003584D3 /* WeMapUITests.xctest */ = {isa = PBXFileReference; explicitFileType = wrapper.cfbundle; includeInIndex = 0; path = WeMapUITests.xctest; sourceTree = BUILT_PRODUCTS_DIR; };
		96F17E712B60F94B003584D3 /* WeMapUITests.swift */ = {isa = PBXFileReference; lastKnownFileType = sourcecode.swift; path = WeMapUITests.swift; sourceTree = "<group>"; };
		96F17E732B60F94B003584D3 /* WeMapUITestsLaunchTests.swift */ = {isa = PBXFileReference; lastKnownFileType = sourcecode.swift; path = WeMapUITestsLaunchTests.swift; sourceTree = "<group>"; };
		96F17E822B610005003584D3 /* GoogleService-Info.plist */ = {isa = PBXFileReference; fileEncoding = 4; lastKnownFileType = text.plist.xml; name = "GoogleService-Info.plist"; path = "../../../Downloads/GoogleService-Info.plist"; sourceTree = "<group>"; };
		96F17EBD2B6122EC003584D3 /* SignInViewController.swift */ = {isa = PBXFileReference; lastKnownFileType = sourcecode.swift; path = SignInViewController.swift; sourceTree = "<group>"; };
		96F17EBF2B612327003584D3 /* SignUpViewController.swift */ = {isa = PBXFileReference; lastKnownFileType = sourcecode.swift; path = SignUpViewController.swift; sourceTree = "<group>"; };
/* End PBXFileReference section */

/* Begin PBXFrameworksBuildPhase section */
		96F17E4A2B60F94A003584D3 /* Frameworks */ = {
			isa = PBXFrameworksBuildPhase;
			buildActionMask = 2147483647;
			files = (
				96F17E982B6100CE003584D3 /* FirebaseDatabase in Frameworks */,
				96F17EA62B6100CE003584D3 /* FirebaseFunctionsCombine-Community in Frameworks */,
				96F17E9E2B6100CE003584D3 /* FirebaseFirestore in Frameworks */,
				96F17E8A2B6100CE003584D3 /* FirebaseAnalyticsSwift in Frameworks */,
				96F17E862B6100CE003584D3 /* FirebaseAnalytics in Frameworks */,
				96F17E882B6100CE003584D3 /* FirebaseAnalyticsOnDeviceConversion in Frameworks */,
				96F17EAE2B6100CE003584D3 /* FirebaseMLModelDownloader in Frameworks */,
				96F17EA22B6100CE003584D3 /* FirebaseFirestoreSwift in Frameworks */,
				96F17E8E2B6100CE003584D3 /* FirebaseAppCheck in Frameworks */,
				96F17E8C2B6100CE003584D3 /* FirebaseAnalyticsWithoutAdIdSupport in Frameworks */,
				96F17E922B6100CE003584D3 /* FirebaseAuth in Frameworks */,
				96F17E962B6100CE003584D3 /* FirebaseCrashlytics in Frameworks */,
				96F17EB62B6100CE003584D3 /* FirebaseRemoteConfigSwift in Frameworks */,
				96F17EA82B6100CE003584D3 /* FirebaseInAppMessaging-Beta in Frameworks */,
				96F17E9A2B6100CE003584D3 /* FirebaseDatabaseSwift in Frameworks */,
				96F17EA42B6100CE003584D3 /* FirebaseFunctions in Frameworks */,
				96F17EBA2B6100CE003584D3 /* FirebaseStorageCombine-Community in Frameworks */,
				96F17EB42B6100CE003584D3 /* FirebaseRemoteConfig in Frameworks */,
				96F17E902B6100CE003584D3 /* FirebaseAppDistribution-Beta in Frameworks */,
				96F17E942B6100CE003584D3 /* FirebaseAuthCombine-Community in Frameworks */,
				96F17EB22B6100CE003584D3 /* FirebasePerformance in Frameworks */,
				96F17EAA2B6100CE003584D3 /* FirebaseInAppMessagingSwift-Beta in Frameworks */,
				96F17EB82B6100CE003584D3 /* FirebaseStorage in Frameworks */,
				96F17E9C2B6100CE003584D3 /* FirebaseDynamicLinks in Frameworks */,
				96F17EA02B6100CE003584D3 /* FirebaseFirestoreCombine-Community in Frameworks */,
				96F17EB02B6100CE003584D3 /* FirebaseMessaging in Frameworks */,
				96F17EAC2B6100CE003584D3 /* FirebaseInstallations in Frameworks */,
			);
			runOnlyForDeploymentPostprocessing = 0;
		};
		96F17E602B60F94B003584D3 /* Frameworks */ = {
			isa = PBXFrameworksBuildPhase;
			buildActionMask = 2147483647;
			files = (
			);
			runOnlyForDeploymentPostprocessing = 0;
		};
		96F17E6A2B60F94B003584D3 /* Frameworks */ = {
			isa = PBXFrameworksBuildPhase;
			buildActionMask = 2147483647;
			files = (
			);
			runOnlyForDeploymentPostprocessing = 0;
		};
/* End PBXFrameworksBuildPhase section */

/* Begin PBXGroup section */
		96C04C932B67E8F1002D3E84 /* Utilities */ = {
			isa = PBXGroup;
			children = (
				96C04C912B67E880002D3E84 /* AlertHelper.swift */,
			);
			path = Utilities;
			sourceTree = "<group>";
		};
		96F17E442B60F94A003584D3 = {
			isa = PBXGroup;
			children = (
				96F17E4F2B60F94A003584D3 /* WeMap */,
				96C04C932B67E8F1002D3E84 /* Utilities */,
				96F17E662B60F94B003584D3 /* WeMapTests */,
				96F17E702B60F94B003584D3 /* WeMapUITests */,
				96F17E4E2B60F94A003584D3 /* Products */,
			);
			sourceTree = "<group>";
		};
		96F17E4E2B60F94A003584D3 /* Products */ = {
			isa = PBXGroup;
			children = (
				96F17E4D2B60F94A003584D3 /* WeMap.app */,
				96F17E632B60F94B003584D3 /* WeMapTests.xctest */,
				96F17E6D2B60F94B003584D3 /* WeMapUITests.xctest */,
			);
			name = Products;
			sourceTree = "<group>";
		};
		96F17E4F2B60F94A003584D3 /* WeMap */ = {
			isa = PBXGroup;
			children = (
				96F17E502B60F94A003584D3 /* AppDelegate.swift */,
				96F17E522B60F94A003584D3 /* SceneDelegate.swift */,
				96F17E562B60F94A003584D3 /* Main.storyboard */,
				961F1F9D2B859CE300E2EF0A /* MainTabBarViewController.swift */,
				96F17EBF2B612327003584D3 /* SignUpViewController.swift */,
				96F17EBD2B6122EC003584D3 /* SignInViewController.swift */,
				96F17E592B60F94B003584D3 /* Assets.xcassets */,
				96F17E5B2B60F94B003584D3 /* LaunchScreen.storyboard */,
				96F17E822B610005003584D3 /* GoogleService-Info.plist */,
				96F17E5E2B60F94B003584D3 /* Info.plist */,
			);
			path = WeMap;
			sourceTree = "<group>";
		};
		96F17E662B60F94B003584D3 /* WeMapTests */ = {
			isa = PBXGroup;
			children = (
				96F17E672B60F94B003584D3 /* WeMapTests.swift */,
			);
			path = WeMapTests;
			sourceTree = "<group>";
		};
		96F17E702B60F94B003584D3 /* WeMapUITests */ = {
			isa = PBXGroup;
			children = (
				96F17E712B60F94B003584D3 /* WeMapUITests.swift */,
				96F17E732B60F94B003584D3 /* WeMapUITestsLaunchTests.swift */,
			);
			path = WeMapUITests;
			sourceTree = "<group>";
		};
/* End PBXGroup section */

/* Begin PBXNativeTarget section */
		96F17E4C2B60F94A003584D3 /* WeMap */ = {
			isa = PBXNativeTarget;
			buildConfigurationList = 96F17E772B60F94B003584D3 /* Build configuration list for PBXNativeTarget "WeMap" */;
			buildPhases = (
				96F17E492B60F94A003584D3 /* Sources */,
				96F17E4A2B60F94A003584D3 /* Frameworks */,
				96F17E4B2B60F94A003584D3 /* Resources */,
			);
			buildRules = (
			);
			dependencies = (
			);
			name = WeMap;
			packageProductDependencies = (
				96F17E852B6100CE003584D3 /* FirebaseAnalytics */,
				96F17E872B6100CE003584D3 /* FirebaseAnalyticsOnDeviceConversion */,
				96F17E892B6100CE003584D3 /* FirebaseAnalyticsSwift */,
				96F17E8B2B6100CE003584D3 /* FirebaseAnalyticsWithoutAdIdSupport */,
				96F17E8D2B6100CE003584D3 /* FirebaseAppCheck */,
				96F17E8F2B6100CE003584D3 /* FirebaseAppDistribution-Beta */,
				96F17E912B6100CE003584D3 /* FirebaseAuth */,
				96F17E932B6100CE003584D3 /* FirebaseAuthCombine-Community */,
				96F17E952B6100CE003584D3 /* FirebaseCrashlytics */,
				96F17E972B6100CE003584D3 /* FirebaseDatabase */,
				96F17E992B6100CE003584D3 /* FirebaseDatabaseSwift */,
				96F17E9B2B6100CE003584D3 /* FirebaseDynamicLinks */,
				96F17E9D2B6100CE003584D3 /* FirebaseFirestore */,
				96F17E9F2B6100CE003584D3 /* FirebaseFirestoreCombine-Community */,
				96F17EA12B6100CE003584D3 /* FirebaseFirestoreSwift */,
				96F17EA32B6100CE003584D3 /* FirebaseFunctions */,
				96F17EA52B6100CE003584D3 /* FirebaseFunctionsCombine-Community */,
				96F17EA72B6100CE003584D3 /* FirebaseInAppMessaging-Beta */,
				96F17EA92B6100CE003584D3 /* FirebaseInAppMessagingSwift-Beta */,
				96F17EAB2B6100CE003584D3 /* FirebaseInstallations */,
				96F17EAD2B6100CE003584D3 /* FirebaseMLModelDownloader */,
				96F17EAF2B6100CE003584D3 /* FirebaseMessaging */,
				96F17EB12B6100CE003584D3 /* FirebasePerformance */,
				96F17EB32B6100CE003584D3 /* FirebaseRemoteConfig */,
				96F17EB52B6100CE003584D3 /* FirebaseRemoteConfigSwift */,
				96F17EB72B6100CE003584D3 /* FirebaseStorage */,
				96F17EB92B6100CE003584D3 /* FirebaseStorageCombine-Community */,
			);
			productName = WeMap;
			productReference = 96F17E4D2B60F94A003584D3 /* WeMap.app */;
			productType = "com.apple.product-type.application";
		};
		96F17E622B60F94B003584D3 /* WeMapTests */ = {
			isa = PBXNativeTarget;
			buildConfigurationList = 96F17E7A2B60F94B003584D3 /* Build configuration list for PBXNativeTarget "WeMapTests" */;
			buildPhases = (
				96F17E5F2B60F94B003584D3 /* Sources */,
				96F17E602B60F94B003584D3 /* Frameworks */,
				96F17E612B60F94B003584D3 /* Resources */,
			);
			buildRules = (
			);
			dependencies = (
				96F17E652B60F94B003584D3 /* PBXTargetDependency */,
			);
			name = WeMapTests;
			productName = WeMapTests;
			productReference = 96F17E632B60F94B003584D3 /* WeMapTests.xctest */;
			productType = "com.apple.product-type.bundle.unit-test";
		};
		96F17E6C2B60F94B003584D3 /* WeMapUITests */ = {
			isa = PBXNativeTarget;
			buildConfigurationList = 96F17E7D2B60F94B003584D3 /* Build configuration list for PBXNativeTarget "WeMapUITests" */;
			buildPhases = (
				96F17E692B60F94B003584D3 /* Sources */,
				96F17E6A2B60F94B003584D3 /* Frameworks */,
				96F17E6B2B60F94B003584D3 /* Resources */,
			);
			buildRules = (
			);
			dependencies = (
				96F17E6F2B60F94B003584D3 /* PBXTargetDependency */,
			);
			name = WeMapUITests;
			productName = WeMapUITests;
			productReference = 96F17E6D2B60F94B003584D3 /* WeMapUITests.xctest */;
			productType = "com.apple.product-type.bundle.ui-testing";
		};
/* End PBXNativeTarget section */

/* Begin PBXProject section */
		96F17E452B60F94A003584D3 /* Project object */ = {
			isa = PBXProject;
			attributes = {
				BuildIndependentTargetsInParallel = 1;
				LastSwiftUpdateCheck = 1430;
				LastUpgradeCheck = 1430;
				TargetAttributes = {
					96F17E4C2B60F94A003584D3 = {
						CreatedOnToolsVersion = 14.3.1;
					};
					96F17E622B60F94B003584D3 = {
						CreatedOnToolsVersion = 14.3.1;
						TestTargetID = 96F17E4C2B60F94A003584D3;
					};
					96F17E6C2B60F94B003584D3 = {
						CreatedOnToolsVersion = 14.3.1;
						TestTargetID = 96F17E4C2B60F94A003584D3;
					};
				};
			};
			buildConfigurationList = 96F17E482B60F94A003584D3 /* Build configuration list for PBXProject "WeMap" */;
			compatibilityVersion = "Xcode 14.0";
			developmentRegion = en;
			hasScannedForEncodings = 0;
			knownRegions = (
				en,
				Base,
			);
			mainGroup = 96F17E442B60F94A003584D3;
			packageReferences = (
				96F17E842B6100CD003584D3 /* XCRemoteSwiftPackageReference "firebase-ios-sdk" */,
			);
			productRefGroup = 96F17E4E2B60F94A003584D3 /* Products */;
			projectDirPath = "";
			projectRoot = "";
			targets = (
				96F17E4C2B60F94A003584D3 /* WeMap */,
				96F17E622B60F94B003584D3 /* WeMapTests */,
				96F17E6C2B60F94B003584D3 /* WeMapUITests */,
			);
		};
/* End PBXProject section */

/* Begin PBXResourcesBuildPhase section */
		96F17E4B2B60F94A003584D3 /* Resources */ = {
			isa = PBXResourcesBuildPhase;
			buildActionMask = 2147483647;
			files = (
				96F17E5D2B60F94B003584D3 /* LaunchScreen.storyboard in Resources */,
				96F17E832B610005003584D3 /* GoogleService-Info.plist in Resources */,
				96F17E5A2B60F94B003584D3 /* Assets.xcassets in Resources */,
				96F17E582B60F94A003584D3 /* Main.storyboard in Resources */,
			);
			runOnlyForDeploymentPostprocessing = 0;
		};
		96F17E612B60F94B003584D3 /* Resources */ = {
			isa = PBXResourcesBuildPhase;
			buildActionMask = 2147483647;
			files = (
			);
			runOnlyForDeploymentPostprocessing = 0;
		};
		96F17E6B2B60F94B003584D3 /* Resources */ = {
			isa = PBXResourcesBuildPhase;
			buildActionMask = 2147483647;
			files = (
			);
			runOnlyForDeploymentPostprocessing = 0;
		};
/* End PBXResourcesBuildPhase section */

/* Begin PBXSourcesBuildPhase section */
		96F17E492B60F94A003584D3 /* Sources */ = {
			isa = PBXSourcesBuildPhase;
			buildActionMask = 2147483647;
			files = (
				96F17E512B60F94A003584D3 /* AppDelegate.swift in Sources */,
				96F17E532B60F94A003584D3 /* SceneDelegate.swift in Sources */,
				96F17EC02B612327003584D3 /* SignUpViewController.swift in Sources */,
				961F1F9E2B859CE300E2EF0A /* MainTabBarViewController.swift in Sources */,
				96C04C922B67E880002D3E84 /* AlertHelper.swift in Sources */,
				96F17EBE2B6122EC003584D3 /* SignInViewController.swift in Sources */,
			);
			runOnlyForDeploymentPostprocessing = 0;
		};
		96F17E5F2B60F94B003584D3 /* Sources */ = {
			isa = PBXSourcesBuildPhase;
			buildActionMask = 2147483647;
			files = (
				96F17E682B60F94B003584D3 /* WeMapTests.swift in Sources */,
			);
			runOnlyForDeploymentPostprocessing = 0;
		};
		96F17E692B60F94B003584D3 /* Sources */ = {
			isa = PBXSourcesBuildPhase;
			buildActionMask = 2147483647;
			files = (
				96F17E722B60F94B003584D3 /* WeMapUITests.swift in Sources */,
				96F17E742B60F94B003584D3 /* WeMapUITestsLaunchTests.swift in Sources */,
			);
			runOnlyForDeploymentPostprocessing = 0;
		};
/* End PBXSourcesBuildPhase section */

/* Begin PBXTargetDependency section */
		96F17E652B60F94B003584D3 /* PBXTargetDependency */ = {
			isa = PBXTargetDependency;
			target = 96F17E4C2B60F94A003584D3 /* WeMap */;
			targetProxy = 96F17E642B60F94B003584D3 /* PBXContainerItemProxy */;
		};
		96F17E6F2B60F94B003584D3 /* PBXTargetDependency */ = {
			isa = PBXTargetDependency;
			target = 96F17E4C2B60F94A003584D3 /* WeMap */;
			targetProxy = 96F17E6E2B60F94B003584D3 /* PBXContainerItemProxy */;
		};
/* End PBXTargetDependency section */

/* Begin PBXVariantGroup section */
		96F17E562B60F94A003584D3 /* Main.storyboard */ = {
			isa = PBXVariantGroup;
			children = (
				96F17E572B60F94A003584D3 /* Base */,
			);
			name = Main.storyboard;
			sourceTree = "<group>";
		};
		96F17E5B2B60F94B003584D3 /* LaunchScreen.storyboard */ = {
			isa = PBXVariantGroup;
			children = (
				96F17E5C2B60F94B003584D3 /* Base */,
			);
			name = LaunchScreen.storyboard;
			sourceTree = "<group>";
		};
/* End PBXVariantGroup section */

/* Begin XCBuildConfiguration section */
		96F17E752B60F94B003584D3 /* Debug */ = {
			isa = XCBuildConfiguration;
			buildSettings = {
				ALWAYS_SEARCH_USER_PATHS = NO;
				CLANG_ANALYZER_NONNULL = YES;
				CLANG_ANALYZER_NUMBER_OBJECT_CONVERSION = YES_AGGRESSIVE;
				CLANG_CXX_LANGUAGE_STANDARD = "gnu++20";
				CLANG_ENABLE_MODULES = YES;
				CLANG_ENABLE_OBJC_ARC = YES;
				CLANG_ENABLE_OBJC_WEAK = YES;
				CLANG_WARN_BLOCK_CAPTURE_AUTORELEASING = YES;
				CLANG_WARN_BOOL_CONVERSION = YES;
				CLANG_WARN_COMMA = YES;
				CLANG_WARN_CONSTANT_CONVERSION = YES;
				CLANG_WARN_DEPRECATED_OBJC_IMPLEMENTATIONS = YES;
				CLANG_WARN_DIRECT_OBJC_ISA_USAGE = YES_ERROR;
				CLANG_WARN_DOCUMENTATION_COMMENTS = YES;
				CLANG_WARN_EMPTY_BODY = YES;
				CLANG_WARN_ENUM_CONVERSION = YES;
				CLANG_WARN_INFINITE_RECURSION = YES;
				CLANG_WARN_INT_CONVERSION = YES;
				CLANG_WARN_NON_LITERAL_NULL_CONVERSION = YES;
				CLANG_WARN_OBJC_IMPLICIT_RETAIN_SELF = YES;
				CLANG_WARN_OBJC_LITERAL_CONVERSION = YES;
				CLANG_WARN_OBJC_ROOT_CLASS = YES_ERROR;
				CLANG_WARN_QUOTED_INCLUDE_IN_FRAMEWORK_HEADER = YES;
				CLANG_WARN_RANGE_LOOP_ANALYSIS = YES;
				CLANG_WARN_STRICT_PROTOTYPES = YES;
				CLANG_WARN_SUSPICIOUS_MOVE = YES;
				CLANG_WARN_UNGUARDED_AVAILABILITY = YES_AGGRESSIVE;
				CLANG_WARN_UNREACHABLE_CODE = YES;
				CLANG_WARN__DUPLICATE_METHOD_MATCH = YES;
				COPY_PHASE_STRIP = NO;
				DEBUG_INFORMATION_FORMAT = dwarf;
				ENABLE_STRICT_OBJC_MSGSEND = YES;
				ENABLE_TESTABILITY = YES;
				GCC_C_LANGUAGE_STANDARD = gnu11;
				GCC_DYNAMIC_NO_PIC = NO;
				GCC_NO_COMMON_BLOCKS = YES;
				GCC_OPTIMIZATION_LEVEL = 0;
				GCC_PREPROCESSOR_DEFINITIONS = (
					"DEBUG=1",
					"$(inherited)",
				);
				GCC_WARN_64_TO_32_BIT_CONVERSION = YES;
				GCC_WARN_ABOUT_RETURN_TYPE = YES_ERROR;
				GCC_WARN_UNDECLARED_SELECTOR = YES;
				GCC_WARN_UNINITIALIZED_AUTOS = YES_AGGRESSIVE;
				GCC_WARN_UNUSED_FUNCTION = YES;
				GCC_WARN_UNUSED_VARIABLE = YES;
				IPHONEOS_DEPLOYMENT_TARGET = 16.4;
				MTL_ENABLE_DEBUG_INFO = INCLUDE_SOURCE;
				MTL_FAST_MATH = YES;
				ONLY_ACTIVE_ARCH = YES;
				SDKROOT = iphoneos;
				SWIFT_ACTIVE_COMPILATION_CONDITIONS = DEBUG;
				SWIFT_OPTIMIZATION_LEVEL = "-Onone";
			};
			name = Debug;
		};
		96F17E762B60F94B003584D3 /* Release */ = {
			isa = XCBuildConfiguration;
			buildSettings = {
				ALWAYS_SEARCH_USER_PATHS = NO;
				CLANG_ANALYZER_NONNULL = YES;
				CLANG_ANALYZER_NUMBER_OBJECT_CONVERSION = YES_AGGRESSIVE;
				CLANG_CXX_LANGUAGE_STANDARD = "gnu++20";
				CLANG_ENABLE_MODULES = YES;
				CLANG_ENABLE_OBJC_ARC = YES;
				CLANG_ENABLE_OBJC_WEAK = YES;
				CLANG_WARN_BLOCK_CAPTURE_AUTORELEASING = YES;
				CLANG_WARN_BOOL_CONVERSION = YES;
				CLANG_WARN_COMMA = YES;
				CLANG_WARN_CONSTANT_CONVERSION = YES;
				CLANG_WARN_DEPRECATED_OBJC_IMPLEMENTATIONS = YES;
				CLANG_WARN_DIRECT_OBJC_ISA_USAGE = YES_ERROR;
				CLANG_WARN_DOCUMENTATION_COMMENTS = YES;
				CLANG_WARN_EMPTY_BODY = YES;
				CLANG_WARN_ENUM_CONVERSION = YES;
				CLANG_WARN_INFINITE_RECURSION = YES;
				CLANG_WARN_INT_CONVERSION = YES;
				CLANG_WARN_NON_LITERAL_NULL_CONVERSION = YES;
				CLANG_WARN_OBJC_IMPLICIT_RETAIN_SELF = YES;
				CLANG_WARN_OBJC_LITERAL_CONVERSION = YES;
				CLANG_WARN_OBJC_ROOT_CLASS = YES_ERROR;
				CLANG_WARN_QUOTED_INCLUDE_IN_FRAMEWORK_HEADER = YES;
				CLANG_WARN_RANGE_LOOP_ANALYSIS = YES;
				CLANG_WARN_STRICT_PROTOTYPES = YES;
				CLANG_WARN_SUSPICIOUS_MOVE = YES;
				CLANG_WARN_UNGUARDED_AVAILABILITY = YES_AGGRESSIVE;
				CLANG_WARN_UNREACHABLE_CODE = YES;
				CLANG_WARN__DUPLICATE_METHOD_MATCH = YES;
				COPY_PHASE_STRIP = NO;
				DEBUG_INFORMATION_FORMAT = "dwarf-with-dsym";
				ENABLE_NS_ASSERTIONS = NO;
				ENABLE_STRICT_OBJC_MSGSEND = YES;
				GCC_C_LANGUAGE_STANDARD = gnu11;
				GCC_NO_COMMON_BLOCKS = YES;
				GCC_WARN_64_TO_32_BIT_CONVERSION = YES;
				GCC_WARN_ABOUT_RETURN_TYPE = YES_ERROR;
				GCC_WARN_UNDECLARED_SELECTOR = YES;
				GCC_WARN_UNINITIALIZED_AUTOS = YES_AGGRESSIVE;
				GCC_WARN_UNUSED_FUNCTION = YES;
				GCC_WARN_UNUSED_VARIABLE = YES;
				IPHONEOS_DEPLOYMENT_TARGET = 16.4;
				MTL_ENABLE_DEBUG_INFO = NO;
				MTL_FAST_MATH = YES;
				SDKROOT = iphoneos;
				SWIFT_COMPILATION_MODE = wholemodule;
				SWIFT_OPTIMIZATION_LEVEL = "-O";
				VALIDATE_PRODUCT = YES;
			};
			name = Release;
		};
		96F17E782B60F94B003584D3 /* Debug */ = {
			isa = XCBuildConfiguration;
			buildSettings = {
				ASSETCATALOG_COMPILER_APPICON_NAME = AppIcon;
				ASSETCATALOG_COMPILER_GLOBAL_ACCENT_COLOR_NAME = AccentColor;
				CODE_SIGN_STYLE = Automatic;
				CURRENT_PROJECT_VERSION = 1;
				DEVELOPMENT_TEAM = 3NSNDGXLF2;
				GENERATE_INFOPLIST_FILE = YES;
				INFOPLIST_FILE = WeMap/Info.plist;
				INFOPLIST_KEY_UIApplicationSupportsIndirectInputEvents = YES;
				INFOPLIST_KEY_UILaunchStoryboardName = LaunchScreen;
				INFOPLIST_KEY_UIMainStoryboardFile = Main;
				INFOPLIST_KEY_UISupportedInterfaceOrientations_iPad = "UIInterfaceOrientationPortrait UIInterfaceOrientationPortraitUpsideDown UIInterfaceOrientationLandscapeLeft UIInterfaceOrientationLandscapeRight";
				INFOPLIST_KEY_UISupportedInterfaceOrientations_iPhone = "UIInterfaceOrientationPortrait UIInterfaceOrientationLandscapeLeft UIInterfaceOrientationLandscapeRight";
				LD_RUNPATH_SEARCH_PATHS = (
					"$(inherited)",
					"@executable_path/Frameworks",
				);
				MARKETING_VERSION = 1.0;
				PRODUCT_BUNDLE_IDENTIFIER = sohxxny.WeMap;
				PRODUCT_NAME = "$(TARGET_NAME)";
				SWIFT_EMIT_LOC_STRINGS = YES;
				SWIFT_VERSION = 5.0;
				TARGETED_DEVICE_FAMILY = "1,2";
			};
			name = Debug;
		};
		96F17E792B60F94B003584D3 /* Release */ = {
			isa = XCBuildConfiguration;
			buildSettings = {
				ASSETCATALOG_COMPILER_APPICON_NAME = AppIcon;
				ASSETCATALOG_COMPILER_GLOBAL_ACCENT_COLOR_NAME = AccentColor;
				CODE_SIGN_STYLE = Automatic;
				CURRENT_PROJECT_VERSION = 1;
				DEVELOPMENT_TEAM = 3NSNDGXLF2;
				GENERATE_INFOPLIST_FILE = YES;
				INFOPLIST_FILE = WeMap/Info.plist;
				INFOPLIST_KEY_UIApplicationSupportsIndirectInputEvents = YES;
				INFOPLIST_KEY_UILaunchStoryboardName = LaunchScreen;
				INFOPLIST_KEY_UIMainStoryboardFile = Main;
				INFOPLIST_KEY_UISupportedInterfaceOrientations_iPad = "UIInterfaceOrientationPortrait UIInterfaceOrientationPortraitUpsideDown UIInterfaceOrientationLandscapeLeft UIInterfaceOrientationLandscapeRight";
				INFOPLIST_KEY_UISupportedInterfaceOrientations_iPhone = "UIInterfaceOrientationPortrait UIInterfaceOrientationLandscapeLeft UIInterfaceOrientationLandscapeRight";
				LD_RUNPATH_SEARCH_PATHS = (
					"$(inherited)",
					"@executable_path/Frameworks",
				);
				MARKETING_VERSION = 1.0;
				PRODUCT_BUNDLE_IDENTIFIER = sohxxny.WeMap;
				PRODUCT_NAME = "$(TARGET_NAME)";
				SWIFT_EMIT_LOC_STRINGS = YES;
				SWIFT_VERSION = 5.0;
				TARGETED_DEVICE_FAMILY = "1,2";
			};
			name = Release;
		};
		96F17E7B2B60F94B003584D3 /* Debug */ = {
			isa = XCBuildConfiguration;
			buildSettings = {
				ALWAYS_EMBED_SWIFT_STANDARD_LIBRARIES = YES;
				BUNDLE_LOADER = "$(TEST_HOST)";
				CODE_SIGN_STYLE = Automatic;
				CURRENT_PROJECT_VERSION = 1;
				GENERATE_INFOPLIST_FILE = YES;
				IPHONEOS_DEPLOYMENT_TARGET = 16.4;
				MARKETING_VERSION = 1.0;
				PRODUCT_BUNDLE_IDENTIFIER = sohxxny.WeMapTests;
				PRODUCT_NAME = "$(TARGET_NAME)";
				SWIFT_EMIT_LOC_STRINGS = NO;
				SWIFT_VERSION = 5.0;
				TARGETED_DEVICE_FAMILY = "1,2";
				TEST_HOST = "$(BUILT_PRODUCTS_DIR)/WeMap.app/$(BUNDLE_EXECUTABLE_FOLDER_PATH)/WeMap";
			};
			name = Debug;
		};
		96F17E7C2B60F94B003584D3 /* Release */ = {
			isa = XCBuildConfiguration;
			buildSettings = {
				ALWAYS_EMBED_SWIFT_STANDARD_LIBRARIES = YES;
				BUNDLE_LOADER = "$(TEST_HOST)";
				CODE_SIGN_STYLE = Automatic;
				CURRENT_PROJECT_VERSION = 1;
				GENERATE_INFOPLIST_FILE = YES;
				IPHONEOS_DEPLOYMENT_TARGET = 16.4;
				MARKETING_VERSION = 1.0;
				PRODUCT_BUNDLE_IDENTIFIER = sohxxny.WeMapTests;
				PRODUCT_NAME = "$(TARGET_NAME)";
				SWIFT_EMIT_LOC_STRINGS = NO;
				SWIFT_VERSION = 5.0;
				TARGETED_DEVICE_FAMILY = "1,2";
				TEST_HOST = "$(BUILT_PRODUCTS_DIR)/WeMap.app/$(BUNDLE_EXECUTABLE_FOLDER_PATH)/WeMap";
			};
			name = Release;
		};
		96F17E7E2B60F94B003584D3 /* Debug */ = {
			isa = XCBuildConfiguration;
			buildSettings = {
				ALWAYS_EMBED_SWIFT_STANDARD_LIBRARIES = YES;
				CODE_SIGN_STYLE = Automatic;
				CURRENT_PROJECT_VERSION = 1;
				GENERATE_INFOPLIST_FILE = YES;
				MARKETING_VERSION = 1.0;
				PRODUCT_BUNDLE_IDENTIFIER = sohxxny.WeMapUITests;
				PRODUCT_NAME = "$(TARGET_NAME)";
				SWIFT_EMIT_LOC_STRINGS = NO;
				SWIFT_VERSION = 5.0;
				TARGETED_DEVICE_FAMILY = "1,2";
				TEST_TARGET_NAME = WeMap;
			};
			name = Debug;
		};
		96F17E7F2B60F94B003584D3 /* Release */ = {
			isa = XCBuildConfiguration;
			buildSettings = {
				ALWAYS_EMBED_SWIFT_STANDARD_LIBRARIES = YES;
				CODE_SIGN_STYLE = Automatic;
				CURRENT_PROJECT_VERSION = 1;
				GENERATE_INFOPLIST_FILE = YES;
				MARKETING_VERSION = 1.0;
				PRODUCT_BUNDLE_IDENTIFIER = sohxxny.WeMapUITests;
				PRODUCT_NAME = "$(TARGET_NAME)";
				SWIFT_EMIT_LOC_STRINGS = NO;
				SWIFT_VERSION = 5.0;
				TARGETED_DEVICE_FAMILY = "1,2";
				TEST_TARGET_NAME = WeMap;
			};
			name = Release;
		};
/* End XCBuildConfiguration section */

/* Begin XCConfigurationList section */
		96F17E482B60F94A003584D3 /* Build configuration list for PBXProject "WeMap" */ = {
			isa = XCConfigurationList;
			buildConfigurations = (
				96F17E752B60F94B003584D3 /* Debug */,
				96F17E762B60F94B003584D3 /* Release */,
			);
			defaultConfigurationIsVisible = 0;
			defaultConfigurationName = Release;
		};
		96F17E772B60F94B003584D3 /* Build configuration list for PBXNativeTarget "WeMap" */ = {
			isa = XCConfigurationList;
			buildConfigurations = (
				96F17E782B60F94B003584D3 /* Debug */,
				96F17E792B60F94B003584D3 /* Release */,
			);
			defaultConfigurationIsVisible = 0;
			defaultConfigurationName = Release;
		};
		96F17E7A2B60F94B003584D3 /* Build configuration list for PBXNativeTarget "WeMapTests" */ = {
			isa = XCConfigurationList;
			buildConfigurations = (
				96F17E7B2B60F94B003584D3 /* Debug */,
				96F17E7C2B60F94B003584D3 /* Release */,
			);
			defaultConfigurationIsVisible = 0;
			defaultConfigurationName = Release;
		};
		96F17E7D2B60F94B003584D3 /* Build configuration list for PBXNativeTarget "WeMapUITests" */ = {
			isa = XCConfigurationList;
			buildConfigurations = (
				96F17E7E2B60F94B003584D3 /* Debug */,
				96F17E7F2B60F94B003584D3 /* Release */,
			);
			defaultConfigurationIsVisible = 0;
			defaultConfigurationName = Release;
		};
/* End XCConfigurationList section */

/* Begin XCRemoteSwiftPackageReference section */
		96F17E842B6100CD003584D3 /* XCRemoteSwiftPackageReference "firebase-ios-sdk" */ = {
			isa = XCRemoteSwiftPackageReference;
			repositoryURL = "https://github.com/firebase/firebase-ios-sdk";
			requirement = {
				kind = upToNextMajorVersion;
				minimumVersion = 10.0.0;
			};
		};
/* End XCRemoteSwiftPackageReference section */

/* Begin XCSwiftPackageProductDependency section */
		96F17E852B6100CE003584D3 /* FirebaseAnalytics */ = {
			isa = XCSwiftPackageProductDependency;
			package = 96F17E842B6100CD003584D3 /* XCRemoteSwiftPackageReference "firebase-ios-sdk" */;
			productName = FirebaseAnalytics;
		};
		96F17E872B6100CE003584D3 /* FirebaseAnalyticsOnDeviceConversion */ = {
			isa = XCSwiftPackageProductDependency;
			package = 96F17E842B6100CD003584D3 /* XCRemoteSwiftPackageReference "firebase-ios-sdk" */;
			productName = FirebaseAnalyticsOnDeviceConversion;
		};
		96F17E892B6100CE003584D3 /* FirebaseAnalyticsSwift */ = {
			isa = XCSwiftPackageProductDependency;
			package = 96F17E842B6100CD003584D3 /* XCRemoteSwiftPackageReference "firebase-ios-sdk" */;
			productName = FirebaseAnalyticsSwift;
		};
		96F17E8B2B6100CE003584D3 /* FirebaseAnalyticsWithoutAdIdSupport */ = {
			isa = XCSwiftPackageProductDependency;
			package = 96F17E842B6100CD003584D3 /* XCRemoteSwiftPackageReference "firebase-ios-sdk" */;
			productName = FirebaseAnalyticsWithoutAdIdSupport;
		};
		96F17E8D2B6100CE003584D3 /* FirebaseAppCheck */ = {
			isa = XCSwiftPackageProductDependency;
			package = 96F17E842B6100CD003584D3 /* XCRemoteSwiftPackageReference "firebase-ios-sdk" */;
			productName = FirebaseAppCheck;
		};
		96F17E8F2B6100CE003584D3 /* FirebaseAppDistribution-Beta */ = {
			isa = XCSwiftPackageProductDependency;
			package = 96F17E842B6100CD003584D3 /* XCRemoteSwiftPackageReference "firebase-ios-sdk" */;
			productName = "FirebaseAppDistribution-Beta";
		};
		96F17E912B6100CE003584D3 /* FirebaseAuth */ = {
			isa = XCSwiftPackageProductDependency;
			package = 96F17E842B6100CD003584D3 /* XCRemoteSwiftPackageReference "firebase-ios-sdk" */;
			productName = FirebaseAuth;
		};
		96F17E932B6100CE003584D3 /* FirebaseAuthCombine-Community */ = {
			isa = XCSwiftPackageProductDependency;
			package = 96F17E842B6100CD003584D3 /* XCRemoteSwiftPackageReference "firebase-ios-sdk" */;
			productName = "FirebaseAuthCombine-Community";
		};
		96F17E952B6100CE003584D3 /* FirebaseCrashlytics */ = {
			isa = XCSwiftPackageProductDependency;
			package = 96F17E842B6100CD003584D3 /* XCRemoteSwiftPackageReference "firebase-ios-sdk" */;
			productName = FirebaseCrashlytics;
		};
		96F17E972B6100CE003584D3 /* FirebaseDatabase */ = {
			isa = XCSwiftPackageProductDependency;
			package = 96F17E842B6100CD003584D3 /* XCRemoteSwiftPackageReference "firebase-ios-sdk" */;
			productName = FirebaseDatabase;
		};
		96F17E992B6100CE003584D3 /* FirebaseDatabaseSwift */ = {
			isa = XCSwiftPackageProductDependency;
			package = 96F17E842B6100CD003584D3 /* XCRemoteSwiftPackageReference "firebase-ios-sdk" */;
			productName = FirebaseDatabaseSwift;
		};
		96F17E9B2B6100CE003584D3 /* FirebaseDynamicLinks */ = {
			isa = XCSwiftPackageProductDependency;
			package = 96F17E842B6100CD003584D3 /* XCRemoteSwiftPackageReference "firebase-ios-sdk" */;
			productName = FirebaseDynamicLinks;
		};
		96F17E9D2B6100CE003584D3 /* FirebaseFirestore */ = {
			isa = XCSwiftPackageProductDependency;
			package = 96F17E842B6100CD003584D3 /* XCRemoteSwiftPackageReference "firebase-ios-sdk" */;
			productName = FirebaseFirestore;
		};
		96F17E9F2B6100CE003584D3 /* FirebaseFirestoreCombine-Community */ = {
			isa = XCSwiftPackageProductDependency;
			package = 96F17E842B6100CD003584D3 /* XCRemoteSwiftPackageReference "firebase-ios-sdk" */;
			productName = "FirebaseFirestoreCombine-Community";
		};
		96F17EA12B6100CE003584D3 /* FirebaseFirestoreSwift */ = {
			isa = XCSwiftPackageProductDependency;
			package = 96F17E842B6100CD003584D3 /* XCRemoteSwiftPackageReference "firebase-ios-sdk" */;
			productName = FirebaseFirestoreSwift;
		};
		96F17EA32B6100CE003584D3 /* FirebaseFunctions */ = {
			isa = XCSwiftPackageProductDependency;
			package = 96F17E842B6100CD003584D3 /* XCRemoteSwiftPackageReference "firebase-ios-sdk" */;
			productName = FirebaseFunctions;
		};
		96F17EA52B6100CE003584D3 /* FirebaseFunctionsCombine-Community */ = {
			isa = XCSwiftPackageProductDependency;
			package = 96F17E842B6100CD003584D3 /* XCRemoteSwiftPackageReference "firebase-ios-sdk" */;
			productName = "FirebaseFunctionsCombine-Community";
		};
		96F17EA72B6100CE003584D3 /* FirebaseInAppMessaging-Beta */ = {
			isa = XCSwiftPackageProductDependency;
			package = 96F17E842B6100CD003584D3 /* XCRemoteSwiftPackageReference "firebase-ios-sdk" */;
			productName = "FirebaseInAppMessaging-Beta";
		};
		96F17EA92B6100CE003584D3 /* FirebaseInAppMessagingSwift-Beta */ = {
			isa = XCSwiftPackageProductDependency;
			package = 96F17E842B6100CD003584D3 /* XCRemoteSwiftPackageReference "firebase-ios-sdk" */;
			productName = "FirebaseInAppMessagingSwift-Beta";
		};
		96F17EAB2B6100CE003584D3 /* FirebaseInstallations */ = {
			isa = XCSwiftPackageProductDependency;
			package = 96F17E842B6100CD003584D3 /* XCRemoteSwiftPackageReference "firebase-ios-sdk" */;
			productName = FirebaseInstallations;
		};
		96F17EAD2B6100CE003584D3 /* FirebaseMLModelDownloader */ = {
			isa = XCSwiftPackageProductDependency;
			package = 96F17E842B6100CD003584D3 /* XCRemoteSwiftPackageReference "firebase-ios-sdk" */;
			productName = FirebaseMLModelDownloader;
		};
		96F17EAF2B6100CE003584D3 /* FirebaseMessaging */ = {
			isa = XCSwiftPackageProductDependency;
			package = 96F17E842B6100CD003584D3 /* XCRemoteSwiftPackageReference "firebase-ios-sdk" */;
			productName = FirebaseMessaging;
		};
		96F17EB12B6100CE003584D3 /* FirebasePerformance */ = {
			isa = XCSwiftPackageProductDependency;
			package = 96F17E842B6100CD003584D3 /* XCRemoteSwiftPackageReference "firebase-ios-sdk" */;
			productName = FirebasePerformance;
		};
		96F17EB32B6100CE003584D3 /* FirebaseRemoteConfig */ = {
			isa = XCSwiftPackageProductDependency;
			package = 96F17E842B6100CD003584D3 /* XCRemoteSwiftPackageReference "firebase-ios-sdk" */;
			productName = FirebaseRemoteConfig;
		};
		96F17EB52B6100CE003584D3 /* FirebaseRemoteConfigSwift */ = {
			isa = XCSwiftPackageProductDependency;
			package = 96F17E842B6100CD003584D3 /* XCRemoteSwiftPackageReference "firebase-ios-sdk" */;
			productName = FirebaseRemoteConfigSwift;
		};
		96F17EB72B6100CE003584D3 /* FirebaseStorage */ = {
			isa = XCSwiftPackageProductDependency;
			package = 96F17E842B6100CD003584D3 /* XCRemoteSwiftPackageReference "firebase-ios-sdk" */;
			productName = FirebaseStorage;
		};
		96F17EB92B6100CE003584D3 /* FirebaseStorageCombine-Community */ = {
			isa = XCSwiftPackageProductDependency;
			package = 96F17E842B6100CD003584D3 /* XCRemoteSwiftPackageReference "firebase-ios-sdk" */;
			productName = "FirebaseStorageCombine-Community";
		};
/* End XCSwiftPackageProductDependency section */
	};
	rootObject = 96F17E452B60F94A003584D3 /* Project object */;
}
