// !$*UTF8*$!
{
	archiveVersion = 1;
	classes = {
	};
	objectVersion = 56;
	objects = {

/* Begin PBXBuildFile section */
		153799391A913ABB3F151A3A /* Pods_WeMap_WeMapUITests.framework in Frameworks */ = {isa = PBXBuildFile; fileRef = 4500451EFC7E281935C4A69F /* Pods_WeMap_WeMapUITests.framework */; };
		20D6EBF5C29EB99E7A02B901 /* Pods_WeMapTests.framework in Frameworks */ = {isa = PBXBuildFile; fileRef = FDD0EDFDE869E7AE875B1B91 /* Pods_WeMapTests.framework */; };
		961ECBB92BD0E4370060512A /* Extensions.swift in Sources */ = {isa = PBXBuildFile; fileRef = 961ECBB82BD0E4370060512A /* Extensions.swift */; };
		961ECBBB2BD0E78B0060512A /* CustomSearchBar.swift in Sources */ = {isa = PBXBuildFile; fileRef = 961ECBBA2BD0E78B0060512A /* CustomSearchBar.swift */; };
		961ECBBD2BD0FE190060512A /* AddFriendsViewController.swift in Sources */ = {isa = PBXBuildFile; fileRef = 961ECBBC2BD0FE190060512A /* AddFriendsViewController.swift */; };
		961ECBBF2BD116490060512A /* GlobalUserManager.swift in Sources */ = {isa = PBXBuildFile; fileRef = 961ECBBE2BD116490060512A /* GlobalUserManager.swift */; };
		961ECBC12BD13C9D0060512A /* BaseViewController.swift in Sources */ = {isa = PBXBuildFile; fileRef = 961ECBC02BD13C9D0060512A /* BaseViewController.swift */; };
		9622EE092BCBF0C000D0E677 /* HomeViewController.swift in Sources */ = {isa = PBXBuildFile; fileRef = 9622EE082BCBF0C000D0E677 /* HomeViewController.swift */; };
		9622EE0D2BCC25A500D0E677 /* BookMarkViewController.swift in Sources */ = {isa = PBXBuildFile; fileRef = 9622EE0C2BCC25A500D0E677 /* BookMarkViewController.swift */; };
		9622EE0F2BCC268600D0E677 /* GlobalViewManager.swift in Sources */ = {isa = PBXBuildFile; fileRef = 9622EE0E2BCC268600D0E677 /* GlobalViewManager.swift */; };
		9639FE842BE3950F000D3066 /* InviteAlbumTableViewCell.swift in Sources */ = {isa = PBXBuildFile; fileRef = 9639FE832BE3950F000D3066 /* InviteAlbumTableViewCell.swift */; };
		9650985C2BE0FDBA009DFCC0 /* NavigationHelper.swift in Sources */ = {isa = PBXBuildFile; fileRef = 9650985B2BE0FDBA009DFCC0 /* NavigationHelper.swift */; };
		9650985E2BE0FE8C009DFCC0 /* UIComponents.swift in Sources */ = {isa = PBXBuildFile; fileRef = 9650985D2BE0FE8C009DFCC0 /* UIComponents.swift */; };
		96646ED12BA34F130091C18A /* MainMapView.swift in Sources */ = {isa = PBXBuildFile; fileRef = 96646ED02BA34F130091C18A /* MainMapView.swift */; };
		966678D02BE4B8B300966022 /* NotificationModel.swift in Sources */ = {isa = PBXBuildFile; fileRef = 966678CF2BE4B8B300966022 /* NotificationModel.swift */; };
		966DFF052BF26BDB007ECC98 /* TabBarViewController.swift in Sources */ = {isa = PBXBuildFile; fileRef = 966DFF042BF26BDB007ECC98 /* TabBarViewController.swift */; };
		96736B362B8CAEE2008FFB47 /* MainViewController.swift in Sources */ = {isa = PBXBuildFile; fileRef = 96736B352B8CAEE2008FFB47 /* MainViewController.swift */; };
		967EF18C2BC266F400D11E5B /* FriendsListViewController.swift in Sources */ = {isa = PBXBuildFile; fileRef = 967EF18B2BC266F400D11E5B /* FriendsListViewController.swift */; };
		967EF1902BC27A3600D11E5B /* ProfileTableViewCell.swift in Sources */ = {isa = PBXBuildFile; fileRef = 967EF18F2BC27A3600D11E5B /* ProfileTableViewCell.swift */; };
		967EF1922BC2ABE200D11E5B /* UserModel.swift in Sources */ = {isa = PBXBuildFile; fileRef = 967EF1912BC2ABE200D11E5B /* UserModel.swift */; };
		96A729522BEB53B00006F5C0 /* Constants.swift in Sources */ = {isa = PBXBuildFile; fileRef = 96A729512BEB53B00006F5C0 /* Constants.swift */; };
		96AC30A02BF4BA81001317E9 /* LocationDetailsViewController.swift in Sources */ = {isa = PBXBuildFile; fileRef = 96AC309F2BF4BA81001317E9 /* LocationDetailsViewController.swift */; };
		96AC30A22BF4D92E001317E9 /* BottomSheetView.swift in Sources */ = {isa = PBXBuildFile; fileRef = 96AC30A12BF4D92E001317E9 /* BottomSheetView.swift */; };
		96AC30A42BF4E586001317E9 /* homeBottomSheetViewController.swift in Sources */ = {isa = PBXBuildFile; fileRef = 96AC30A32BF4E586001317E9 /* homeBottomSheetViewController.swift */; };
		96B1FBCE2BF8CD4F00BED8A9 /* LocationDetailsAlbumCell.swift in Sources */ = {isa = PBXBuildFile; fileRef = 96B1FBCD2BF8CD4F00BED8A9 /* LocationDetailsAlbumCell.swift */; };
		96B1FBD02BF8CE3400BED8A9 /* marker-red-icon.png in Resources */ = {isa = PBXBuildFile; fileRef = 96B1FBCF2BF8CE3400BED8A9 /* marker-red-icon.png */; };
		96B1FBD22BF8CE3A00BED8A9 /* marker-blue-icon.png in Resources */ = {isa = PBXBuildFile; fileRef = 96B1FBD12BF8CE3A00BED8A9 /* marker-blue-icon.png */; };
		96B1FBD42BF8CE4200BED8A9 /* bookmark-icon.png in Resources */ = {isa = PBXBuildFile; fileRef = 96B1FBD32BF8CE4200BED8A9 /* bookmark-icon.png */; };
		96BABB362BE806180094F7E7 /* EditProfileViewController.swift in Sources */ = {isa = PBXBuildFile; fileRef = 96BABB352BE806180094F7E7 /* EditProfileViewController.swift */; };
		96BABB3A2BE8071C0094F7E7 /* SettingViewController.swift in Sources */ = {isa = PBXBuildFile; fileRef = 96BABB392BE8071C0094F7E7 /* SettingViewController.swift */; };
		96BABB3C2BE808170094F7E7 /* SettingTableViewCell.swift in Sources */ = {isa = PBXBuildFile; fileRef = 96BABB3B2BE808170094F7E7 /* SettingTableViewCell.swift */; };
		96C04C922B67E880002D3E84 /* AlertHelper.swift in Sources */ = {isa = PBXBuildFile; fileRef = 96C04C912B67E880002D3E84 /* AlertHelper.swift */; };
		96C3F0972BD696C2005306C5 /* UserViewModel.swift in Sources */ = {isa = PBXBuildFile; fileRef = 96C3F0962BD696C2005306C5 /* UserViewModel.swift */; };
		96DD74452BE114A200A3A261 /* pencil-icon.png in Resources */ = {isa = PBXBuildFile; fileRef = 96DD74442BE114A200A3A261 /* pencil-icon.png */; };
		96DDD2952BCE7C570034142E /* CustomTextField.swift in Sources */ = {isa = PBXBuildFile; fileRef = 96DDD2942BCE7C570034142E /* CustomTextField.swift */; };
		96DDD2972BCE807F0034142E /* CustomButton.swift in Sources */ = {isa = PBXBuildFile; fileRef = 96DDD2962BCE807F0034142E /* CustomButton.swift */; };
		96DDD2A12BCEA5C60034142E /* Colors.swift in Sources */ = {isa = PBXBuildFile; fileRef = 96DDD2A02BCEA5C60034142E /* Colors.swift */; };
		96DDD2A32BCEA92B0034142E /* GoogleService-Info.plist in Resources */ = {isa = PBXBuildFile; fileRef = 96DDD2A22BCEA92B0034142E /* GoogleService-Info.plist */; };
		96F17E512B60F94A003584D3 /* AppDelegate.swift in Sources */ = {isa = PBXBuildFile; fileRef = 96F17E502B60F94A003584D3 /* AppDelegate.swift */; };
		96F17E532B60F94A003584D3 /* SceneDelegate.swift in Sources */ = {isa = PBXBuildFile; fileRef = 96F17E522B60F94A003584D3 /* SceneDelegate.swift */; };
		96F17E582B60F94A003584D3 /* Main.storyboard in Resources */ = {isa = PBXBuildFile; fileRef = 96F17E562B60F94A003584D3 /* Main.storyboard */; };
		96F17E5A2B60F94B003584D3 /* Assets.xcassets in Resources */ = {isa = PBXBuildFile; fileRef = 96F17E592B60F94B003584D3 /* Assets.xcassets */; };
		96F17E5D2B60F94B003584D3 /* LaunchScreen.storyboard in Resources */ = {isa = PBXBuildFile; fileRef = 96F17E5B2B60F94B003584D3 /* LaunchScreen.storyboard */; };
		96F17E682B60F94B003584D3 /* WeMapTests.swift in Sources */ = {isa = PBXBuildFile; fileRef = 96F17E672B60F94B003584D3 /* WeMapTests.swift */; };
		96F17E722B60F94B003584D3 /* WeMapUITests.swift in Sources */ = {isa = PBXBuildFile; fileRef = 96F17E712B60F94B003584D3 /* WeMapUITests.swift */; };
		96F17E742B60F94B003584D3 /* WeMapUITestsLaunchTests.swift in Sources */ = {isa = PBXBuildFile; fileRef = 96F17E732B60F94B003584D3 /* WeMapUITestsLaunchTests.swift */; };
		96F17E862B6100CE003584D3 /* FirebaseAnalytics in Frameworks */ = {isa = PBXBuildFile; productRef = 96F17E852B6100CE003584D3 /* FirebaseAnalytics */; };
		96F17E882B6100CE003584D3 /* FirebaseAnalyticsOnDeviceConversion in Frameworks */ = {isa = PBXBuildFile; productRef = 96F17E872B6100CE003584D3 /* FirebaseAnalyticsOnDeviceConversion */; };
		96F17E8A2B6100CE003584D3 /* FirebaseAnalyticsSwift in Frameworks */ = {isa = PBXBuildFile; productRef = 96F17E892B6100CE003584D3 /* FirebaseAnalyticsSwift */; };
		96F17E8C2B6100CE003584D3 /* FirebaseAnalyticsWithoutAdIdSupport in Frameworks */ = {isa = PBXBuildFile; productRef = 96F17E8B2B6100CE003584D3 /* FirebaseAnalyticsWithoutAdIdSupport */; };
		96F17E8E2B6100CE003584D3 /* FirebaseAppCheck in Frameworks */ = {isa = PBXBuildFile; productRef = 96F17E8D2B6100CE003584D3 /* FirebaseAppCheck */; };
		96F17E902B6100CE003584D3 /* FirebaseAppDistribution-Beta in Frameworks */ = {isa = PBXBuildFile; productRef = 96F17E8F2B6100CE003584D3 /* FirebaseAppDistribution-Beta */; };
		96F17E922B6100CE003584D3 /* FirebaseAuth in Frameworks */ = {isa = PBXBuildFile; productRef = 96F17E912B6100CE003584D3 /* FirebaseAuth */; };
		96F17E942B6100CE003584D3 /* FirebaseAuthCombine-Community in Frameworks */ = {isa = PBXBuildFile; productRef = 96F17E932B6100CE003584D3 /* FirebaseAuthCombine-Community */; };
		96F17E962B6100CE003584D3 /* FirebaseCrashlytics in Frameworks */ = {isa = PBXBuildFile; productRef = 96F17E952B6100CE003584D3 /* FirebaseCrashlytics */; };
		96F17E982B6100CE003584D3 /* FirebaseDatabase in Frameworks */ = {isa = PBXBuildFile; productRef = 96F17E972B6100CE003584D3 /* FirebaseDatabase */; };
		96F17E9A2B6100CE003584D3 /* FirebaseDatabaseSwift in Frameworks */ = {isa = PBXBuildFile; productRef = 96F17E992B6100CE003584D3 /* FirebaseDatabaseSwift */; };
		96F17E9C2B6100CE003584D3 /* FirebaseDynamicLinks in Frameworks */ = {isa = PBXBuildFile; productRef = 96F17E9B2B6100CE003584D3 /* FirebaseDynamicLinks */; };
		96F17E9E2B6100CE003584D3 /* FirebaseFirestore in Frameworks */ = {isa = PBXBuildFile; productRef = 96F17E9D2B6100CE003584D3 /* FirebaseFirestore */; };
		96F17EA02B6100CE003584D3 /* FirebaseFirestoreCombine-Community in Frameworks */ = {isa = PBXBuildFile; productRef = 96F17E9F2B6100CE003584D3 /* FirebaseFirestoreCombine-Community */; };
		96F17EA22B6100CE003584D3 /* FirebaseFirestoreSwift in Frameworks */ = {isa = PBXBuildFile; productRef = 96F17EA12B6100CE003584D3 /* FirebaseFirestoreSwift */; };
		96F17EA42B6100CE003584D3 /* FirebaseFunctions in Frameworks */ = {isa = PBXBuildFile; productRef = 96F17EA32B6100CE003584D3 /* FirebaseFunctions */; };
		96F17EA62B6100CE003584D3 /* FirebaseFunctionsCombine-Community in Frameworks */ = {isa = PBXBuildFile; productRef = 96F17EA52B6100CE003584D3 /* FirebaseFunctionsCombine-Community */; };
		96F17EA82B6100CE003584D3 /* FirebaseInAppMessaging-Beta in Frameworks */ = {isa = PBXBuildFile; productRef = 96F17EA72B6100CE003584D3 /* FirebaseInAppMessaging-Beta */; };
		96F17EAA2B6100CE003584D3 /* FirebaseInAppMessagingSwift-Beta in Frameworks */ = {isa = PBXBuildFile; productRef = 96F17EA92B6100CE003584D3 /* FirebaseInAppMessagingSwift-Beta */; };
		96F17EAC2B6100CE003584D3 /* FirebaseInstallations in Frameworks */ = {isa = PBXBuildFile; productRef = 96F17EAB2B6100CE003584D3 /* FirebaseInstallations */; };
		96F17EAE2B6100CE003584D3 /* FirebaseMLModelDownloader in Frameworks */ = {isa = PBXBuildFile; productRef = 96F17EAD2B6100CE003584D3 /* FirebaseMLModelDownloader */; };
		96F17EB02B6100CE003584D3 /* FirebaseMessaging in Frameworks */ = {isa = PBXBuildFile; productRef = 96F17EAF2B6100CE003584D3 /* FirebaseMessaging */; };
		96F17EB22B6100CE003584D3 /* FirebasePerformance in Frameworks */ = {isa = PBXBuildFile; productRef = 96F17EB12B6100CE003584D3 /* FirebasePerformance */; };
		96F17EB42B6100CE003584D3 /* FirebaseRemoteConfig in Frameworks */ = {isa = PBXBuildFile; productRef = 96F17EB32B6100CE003584D3 /* FirebaseRemoteConfig */; };
		96F17EB62B6100CE003584D3 /* FirebaseRemoteConfigSwift in Frameworks */ = {isa = PBXBuildFile; productRef = 96F17EB52B6100CE003584D3 /* FirebaseRemoteConfigSwift */; };
		96F17EB82B6100CE003584D3 /* FirebaseStorage in Frameworks */ = {isa = PBXBuildFile; productRef = 96F17EB72B6100CE003584D3 /* FirebaseStorage */; };
		96F17EBA2B6100CE003584D3 /* FirebaseStorageCombine-Community in Frameworks */ = {isa = PBXBuildFile; productRef = 96F17EB92B6100CE003584D3 /* FirebaseStorageCombine-Community */; };
		96F17EBE2B6122EC003584D3 /* SignInViewController.swift in Sources */ = {isa = PBXBuildFile; fileRef = 96F17EBD2B6122EC003584D3 /* SignInViewController.swift */; };
		96F17EC02B612327003584D3 /* SignUpViewController.swift in Sources */ = {isa = PBXBuildFile; fileRef = 96F17EBF2B612327003584D3 /* SignUpViewController.swift */; };
		96F216A52BDE2AD6005D58BC /* GlobalFriendsManager.swift in Sources */ = {isa = PBXBuildFile; fileRef = 96F216A42BDE2AD6005D58BC /* GlobalFriendsManager.swift */; };
		96F216A72BDE8679005D58BC /* MyPageViewController.swift in Sources */ = {isa = PBXBuildFile; fileRef = 96F216A62BDE8679005D58BC /* MyPageViewController.swift */; };
		96F3B42C2BDB761000B858C9 /* user-icon.png in Resources */ = {isa = PBXBuildFile; fileRef = 96F3B42B2BDB761000B858C9 /* user-icon.png */; };
		96F773C02BE24E4D0061E343 /* NotificationViewController.swift in Sources */ = {isa = PBXBuildFile; fileRef = 96F773BF2BE24E4D0061E343 /* NotificationViewController.swift */; };
		96F773C42BE263200061E343 /* FriendsRequestTableViewCell.swift in Sources */ = {isa = PBXBuildFile; fileRef = 96F773C32BE263200061E343 /* FriendsRequestTableViewCell.swift */; };
		E89206BEE0EE346C34FD3007 /* Pods_WeMap.framework in Frameworks */ = {isa = PBXBuildFile; fileRef = AB2F652B5A2CFCF1D0CD39AE /* Pods_WeMap.framework */; };
/* End PBXBuildFile section */

/* Begin PBXContainerItemProxy section */
		96F17E642B60F94B003584D3 /* PBXContainerItemProxy */ = {
			isa = PBXContainerItemProxy;
			containerPortal = 96F17E452B60F94A003584D3 /* Project object */;
			proxyType = 1;
			remoteGlobalIDString = 96F17E4C2B60F94A003584D3;
			remoteInfo = WeMap;
		};
		96F17E6E2B60F94B003584D3 /* PBXContainerItemProxy */ = {
			isa = PBXContainerItemProxy;
			containerPortal = 96F17E452B60F94A003584D3 /* Project object */;
			proxyType = 1;
			remoteGlobalIDString = 96F17E4C2B60F94A003584D3;
			remoteInfo = WeMap;
		};
/* End PBXContainerItemProxy section */

/* Begin PBXFileReference section */
		0ABFF377F54C9F96DB341C38 /* Pods-WeMapTests.release.xcconfig */ = {isa = PBXFileReference; includeInIndex = 1; lastKnownFileType = text.xcconfig; name = "Pods-WeMapTests.release.xcconfig"; path = "Target Support Files/Pods-WeMapTests/Pods-WeMapTests.release.xcconfig"; sourceTree = "<group>"; };
		438AB02395DDFE2378A00B4C /* Pods-WeMapTests.debug.xcconfig */ = {isa = PBXFileReference; includeInIndex = 1; lastKnownFileType = text.xcconfig; name = "Pods-WeMapTests.debug.xcconfig"; path = "Target Support Files/Pods-WeMapTests/Pods-WeMapTests.debug.xcconfig"; sourceTree = "<group>"; };
		4500451EFC7E281935C4A69F /* Pods_WeMap_WeMapUITests.framework */ = {isa = PBXFileReference; explicitFileType = wrapper.framework; includeInIndex = 0; path = Pods_WeMap_WeMapUITests.framework; sourceTree = BUILT_PRODUCTS_DIR; };
		61C4EFCA0E86291369C30A83 /* Pods-WeMap.release.xcconfig */ = {isa = PBXFileReference; includeInIndex = 1; lastKnownFileType = text.xcconfig; name = "Pods-WeMap.release.xcconfig"; path = "Target Support Files/Pods-WeMap/Pods-WeMap.release.xcconfig"; sourceTree = "<group>"; };
		6D14279E223235CA3A528B2F /* Pods-WeMap-WeMapUITests.release.xcconfig */ = {isa = PBXFileReference; includeInIndex = 1; lastKnownFileType = text.xcconfig; name = "Pods-WeMap-WeMapUITests.release.xcconfig"; path = "Target Support Files/Pods-WeMap-WeMapUITests/Pods-WeMap-WeMapUITests.release.xcconfig"; sourceTree = "<group>"; };
		961ECBB82BD0E4370060512A /* Extensions.swift */ = {isa = PBXFileReference; lastKnownFileType = sourcecode.swift; path = Extensions.swift; sourceTree = "<group>"; };
		961ECBBA2BD0E78B0060512A /* CustomSearchBar.swift */ = {isa = PBXFileReference; lastKnownFileType = sourcecode.swift; path = CustomSearchBar.swift; sourceTree = "<group>"; };
		961ECBBC2BD0FE190060512A /* AddFriendsViewController.swift */ = {isa = PBXFileReference; lastKnownFileType = sourcecode.swift; path = AddFriendsViewController.swift; sourceTree = "<group>"; };
		961ECBBE2BD116490060512A /* GlobalUserManager.swift */ = {isa = PBXFileReference; lastKnownFileType = sourcecode.swift; path = GlobalUserManager.swift; sourceTree = "<group>"; };
		961ECBC02BD13C9D0060512A /* BaseViewController.swift */ = {isa = PBXFileReference; lastKnownFileType = sourcecode.swift; path = BaseViewController.swift; sourceTree = "<group>"; };
		9622EE082BCBF0C000D0E677 /* HomeViewController.swift */ = {isa = PBXFileReference; lastKnownFileType = sourcecode.swift; path = HomeViewController.swift; sourceTree = "<group>"; };
		9622EE0C2BCC25A500D0E677 /* BookMarkViewController.swift */ = {isa = PBXFileReference; lastKnownFileType = sourcecode.swift; path = BookMarkViewController.swift; sourceTree = "<group>"; };
		9622EE0E2BCC268600D0E677 /* GlobalViewManager.swift */ = {isa = PBXFileReference; lastKnownFileType = sourcecode.swift; path = GlobalViewManager.swift; sourceTree = "<group>"; };
		9639FE832BE3950F000D3066 /* InviteAlbumTableViewCell.swift */ = {isa = PBXFileReference; lastKnownFileType = sourcecode.swift; path = InviteAlbumTableViewCell.swift; sourceTree = "<group>"; };
		9650985B2BE0FDBA009DFCC0 /* NavigationHelper.swift */ = {isa = PBXFileReference; lastKnownFileType = sourcecode.swift; path = NavigationHelper.swift; sourceTree = "<group>"; };
		9650985D2BE0FE8C009DFCC0 /* UIComponents.swift */ = {isa = PBXFileReference; lastKnownFileType = sourcecode.swift; path = UIComponents.swift; sourceTree = "<group>"; };
		96646ED02BA34F130091C18A /* MainMapView.swift */ = {isa = PBXFileReference; lastKnownFileType = sourcecode.swift; path = MainMapView.swift; sourceTree = "<group>"; };
		966678CF2BE4B8B300966022 /* NotificationModel.swift */ = {isa = PBXFileReference; lastKnownFileType = sourcecode.swift; path = NotificationModel.swift; sourceTree = "<group>"; };
		966DFF042BF26BDB007ECC98 /* TabBarViewController.swift */ = {isa = PBXFileReference; lastKnownFileType = sourcecode.swift; path = TabBarViewController.swift; sourceTree = "<group>"; };
		96736B352B8CAEE2008FFB47 /* MainViewController.swift */ = {isa = PBXFileReference; lastKnownFileType = sourcecode.swift; path = MainViewController.swift; sourceTree = "<group>"; };
		967EF18B2BC266F400D11E5B /* FriendsListViewController.swift */ = {isa = PBXFileReference; lastKnownFileType = sourcecode.swift; path = FriendsListViewController.swift; sourceTree = "<group>"; };
		967EF18F2BC27A3600D11E5B /* ProfileTableViewCell.swift */ = {isa = PBXFileReference; lastKnownFileType = sourcecode.swift; path = ProfileTableViewCell.swift; sourceTree = "<group>"; };
		967EF1912BC2ABE200D11E5B /* UserModel.swift */ = {isa = PBXFileReference; lastKnownFileType = sourcecode.swift; path = UserModel.swift; sourceTree = "<group>"; };
		96A729512BEB53B00006F5C0 /* Constants.swift */ = {isa = PBXFileReference; lastKnownFileType = sourcecode.swift; path = Constants.swift; sourceTree = "<group>"; };
		96AC309F2BF4BA81001317E9 /* LocationDetailsViewController.swift */ = {isa = PBXFileReference; lastKnownFileType = sourcecode.swift; path = LocationDetailsViewController.swift; sourceTree = "<group>"; };
		96AC30A12BF4D92E001317E9 /* BottomSheetView.swift */ = {isa = PBXFileReference; lastKnownFileType = sourcecode.swift; path = BottomSheetView.swift; sourceTree = "<group>"; };
		96AC30A32BF4E586001317E9 /* homeBottomSheetViewController.swift */ = {isa = PBXFileReference; lastKnownFileType = sourcecode.swift; path = homeBottomSheetViewController.swift; sourceTree = "<group>"; };
		96B1FBCD2BF8CD4F00BED8A9 /* LocationDetailsAlbumCell.swift */ = {isa = PBXFileReference; lastKnownFileType = sourcecode.swift; path = LocationDetailsAlbumCell.swift; sourceTree = "<group>"; };
		96B1FBCF2BF8CE3400BED8A9 /* marker-red-icon.png */ = {isa = PBXFileReference; lastKnownFileType = image.png; path = "marker-red-icon.png"; sourceTree = "<group>"; };
		96B1FBD12BF8CE3A00BED8A9 /* marker-blue-icon.png */ = {isa = PBXFileReference; lastKnownFileType = image.png; path = "marker-blue-icon.png"; sourceTree = "<group>"; };
		96B1FBD32BF8CE4200BED8A9 /* bookmark-icon.png */ = {isa = PBXFileReference; lastKnownFileType = image.png; path = "bookmark-icon.png"; sourceTree = "<group>"; };
		96BABB352BE806180094F7E7 /* EditProfileViewController.swift */ = {isa = PBXFileReference; lastKnownFileType = sourcecode.swift; path = EditProfileViewController.swift; sourceTree = "<group>"; };
		96BABB392BE8071C0094F7E7 /* SettingViewController.swift */ = {isa = PBXFileReference; lastKnownFileType = sourcecode.swift; path = SettingViewController.swift; sourceTree = "<group>"; };
		96BABB3B2BE808170094F7E7 /* SettingTableViewCell.swift */ = {isa = PBXFileReference; lastKnownFileType = sourcecode.swift; path = SettingTableViewCell.swift; sourceTree = "<group>"; };
		96C04C912B67E880002D3E84 /* AlertHelper.swift */ = {isa = PBXFileReference; lastKnownFileType = sourcecode.swift; path = AlertHelper.swift; sourceTree = "<group>"; };
		96C3F0962BD696C2005306C5 /* UserViewModel.swift */ = {isa = PBXFileReference; lastKnownFileType = sourcecode.swift; path = UserViewModel.swift; sourceTree = "<group>"; };
		96DD74442BE114A200A3A261 /* pencil-icon.png */ = {isa = PBXFileReference; lastKnownFileType = image.png; path = "pencil-icon.png"; sourceTree = "<group>"; };
		96DDD2942BCE7C570034142E /* CustomTextField.swift */ = {isa = PBXFileReference; lastKnownFileType = sourcecode.swift; path = CustomTextField.swift; sourceTree = "<group>"; };
		96DDD2962BCE807F0034142E /* CustomButton.swift */ = {isa = PBXFileReference; lastKnownFileType = sourcecode.swift; path = CustomButton.swift; sourceTree = "<group>"; };
		96DDD2A02BCEA5C60034142E /* Colors.swift */ = {isa = PBXFileReference; lastKnownFileType = sourcecode.swift; path = Colors.swift; sourceTree = "<group>"; };
		96DDD2A22BCEA92B0034142E /* GoogleService-Info.plist */ = {isa = PBXFileReference; fileEncoding = 4; lastKnownFileType = text.plist.xml; path = "GoogleService-Info.plist"; sourceTree = "<group>"; };
		96F17E4D2B60F94A003584D3 /* WeMap.app */ = {isa = PBXFileReference; explicitFileType = wrapper.application; includeInIndex = 0; path = WeMap.app; sourceTree = BUILT_PRODUCTS_DIR; };
		96F17E502B60F94A003584D3 /* AppDelegate.swift */ = {isa = PBXFileReference; lastKnownFileType = sourcecode.swift; path = AppDelegate.swift; sourceTree = "<group>"; };
		96F17E522B60F94A003584D3 /* SceneDelegate.swift */ = {isa = PBXFileReference; lastKnownFileType = sourcecode.swift; path = SceneDelegate.swift; sourceTree = "<group>"; };
		96F17E572B60F94A003584D3 /* Base */ = {isa = PBXFileReference; lastKnownFileType = file.storyboard; name = Base; path = Base.lproj/Main.storyboard; sourceTree = "<group>"; };
		96F17E592B60F94B003584D3 /* Assets.xcassets */ = {isa = PBXFileReference; lastKnownFileType = folder.assetcatalog; path = Assets.xcassets; sourceTree = "<group>"; };
		96F17E5C2B60F94B003584D3 /* Base */ = {isa = PBXFileReference; lastKnownFileType = file.storyboard; name = Base; path = Base.lproj/LaunchScreen.storyboard; sourceTree = "<group>"; };
		96F17E5E2B60F94B003584D3 /* Info.plist */ = {isa = PBXFileReference; lastKnownFileType = text.plist.xml; path = Info.plist; sourceTree = "<group>"; };
		96F17E632B60F94B003584D3 /* WeMapTests.xctest */ = {isa = PBXFileReference; explicitFileType = wrapper.cfbundle; includeInIndex = 0; path = WeMapTests.xctest; sourceTree = BUILT_PRODUCTS_DIR; };
		96F17E672B60F94B003584D3 /* WeMapTests.swift */ = {isa = PBXFileReference; lastKnownFileType = sourcecode.swift; path = WeMapTests.swift; sourceTree = "<group>"; };
		96F17E6D2B60F94B003584D3 /* WeMapUITests.xctest */ = {isa = PBXFileReference; explicitFileType = wrapper.cfbundle; includeInIndex = 0; path = WeMapUITests.xctest; sourceTree = BUILT_PRODUCTS_DIR; };
		96F17E712B60F94B003584D3 /* WeMapUITests.swift */ = {isa = PBXFileReference; lastKnownFileType = sourcecode.swift; path = WeMapUITests.swift; sourceTree = "<group>"; };
		96F17E732B60F94B003584D3 /* WeMapUITestsLaunchTests.swift */ = {isa = PBXFileReference; lastKnownFileType = sourcecode.swift; path = WeMapUITestsLaunchTests.swift; sourceTree = "<group>"; };
		96F17EBD2B6122EC003584D3 /* SignInViewController.swift */ = {isa = PBXFileReference; lastKnownFileType = sourcecode.swift; path = SignInViewController.swift; sourceTree = "<group>"; };
		96F17EBF2B612327003584D3 /* SignUpViewController.swift */ = {isa = PBXFileReference; lastKnownFileType = sourcecode.swift; path = SignUpViewController.swift; sourceTree = "<group>"; };
		96F216A42BDE2AD6005D58BC /* GlobalFriendsManager.swift */ = {isa = PBXFileReference; lastKnownFileType = sourcecode.swift; path = GlobalFriendsManager.swift; sourceTree = "<group>"; };
		96F216A62BDE8679005D58BC /* MyPageViewController.swift */ = {isa = PBXFileReference; lastKnownFileType = sourcecode.swift; path = MyPageViewController.swift; sourceTree = "<group>"; };
		96F3B42B2BDB761000B858C9 /* user-icon.png */ = {isa = PBXFileReference; lastKnownFileType = image.png; path = "user-icon.png"; sourceTree = "<group>"; };
		96F773BF2BE24E4D0061E343 /* NotificationViewController.swift */ = {isa = PBXFileReference; lastKnownFileType = sourcecode.swift; path = NotificationViewController.swift; sourceTree = "<group>"; };
		96F773C32BE263200061E343 /* FriendsRequestTableViewCell.swift */ = {isa = PBXFileReference; lastKnownFileType = sourcecode.swift; path = FriendsRequestTableViewCell.swift; sourceTree = "<group>"; };
		A9BCEFA84E5EAB2DF365979D /* Pods-WeMap-WeMapUITests.debug.xcconfig */ = {isa = PBXFileReference; includeInIndex = 1; lastKnownFileType = text.xcconfig; name = "Pods-WeMap-WeMapUITests.debug.xcconfig"; path = "Target Support Files/Pods-WeMap-WeMapUITests/Pods-WeMap-WeMapUITests.debug.xcconfig"; sourceTree = "<group>"; };
		AB2F652B5A2CFCF1D0CD39AE /* Pods_WeMap.framework */ = {isa = PBXFileReference; explicitFileType = wrapper.framework; includeInIndex = 0; path = Pods_WeMap.framework; sourceTree = BUILT_PRODUCTS_DIR; };
		DDC934A2C4439C482F8DEF38 /* Pods-WeMap.debug.xcconfig */ = {isa = PBXFileReference; includeInIndex = 1; lastKnownFileType = text.xcconfig; name = "Pods-WeMap.debug.xcconfig"; path = "Target Support Files/Pods-WeMap/Pods-WeMap.debug.xcconfig"; sourceTree = "<group>"; };
		FDD0EDFDE869E7AE875B1B91 /* Pods_WeMapTests.framework */ = {isa = PBXFileReference; explicitFileType = wrapper.framework; includeInIndex = 0; path = Pods_WeMapTests.framework; sourceTree = BUILT_PRODUCTS_DIR; };
/* End PBXFileReference section */

/* Begin PBXFrameworksBuildPhase section */
		96F17E4A2B60F94A003584D3 /* Frameworks */ = {
			isa = PBXFrameworksBuildPhase;
			buildActionMask = 2147483647;
			files = (
				96F17E982B6100CE003584D3 /* FirebaseDatabase in Frameworks */,
				96F17EA62B6100CE003584D3 /* FirebaseFunctionsCombine-Community in Frameworks */,
				96F17E9E2B6100CE003584D3 /* FirebaseFirestore in Frameworks */,
				96F17E8A2B6100CE003584D3 /* FirebaseAnalyticsSwift in Frameworks */,
				96F17E862B6100CE003584D3 /* FirebaseAnalytics in Frameworks */,
				96F17E882B6100CE003584D3 /* FirebaseAnalyticsOnDeviceConversion in Frameworks */,
				96F17EAE2B6100CE003584D3 /* FirebaseMLModelDownloader in Frameworks */,
				96F17EA22B6100CE003584D3 /* FirebaseFirestoreSwift in Frameworks */,
				96F17E8E2B6100CE003584D3 /* FirebaseAppCheck in Frameworks */,
				96F17E8C2B6100CE003584D3 /* FirebaseAnalyticsWithoutAdIdSupport in Frameworks */,
				96F17E922B6100CE003584D3 /* FirebaseAuth in Frameworks */,
				96F17E962B6100CE003584D3 /* FirebaseCrashlytics in Frameworks */,
				96F17EB62B6100CE003584D3 /* FirebaseRemoteConfigSwift in Frameworks */,
				96F17EA82B6100CE003584D3 /* FirebaseInAppMessaging-Beta in Frameworks */,
				96F17E9A2B6100CE003584D3 /* FirebaseDatabaseSwift in Frameworks */,
				96F17EA42B6100CE003584D3 /* FirebaseFunctions in Frameworks */,
				96F17EBA2B6100CE003584D3 /* FirebaseStorageCombine-Community in Frameworks */,
				96F17EB42B6100CE003584D3 /* FirebaseRemoteConfig in Frameworks */,
				96F17E902B6100CE003584D3 /* FirebaseAppDistribution-Beta in Frameworks */,
				96F17E942B6100CE003584D3 /* FirebaseAuthCombine-Community in Frameworks */,
				96F17EB22B6100CE003584D3 /* FirebasePerformance in Frameworks */,
				96F17EAA2B6100CE003584D3 /* FirebaseInAppMessagingSwift-Beta in Frameworks */,
				96F17EB82B6100CE003584D3 /* FirebaseStorage in Frameworks */,
				96F17E9C2B6100CE003584D3 /* FirebaseDynamicLinks in Frameworks */,
				96F17EA02B6100CE003584D3 /* FirebaseFirestoreCombine-Community in Frameworks */,
				96F17EB02B6100CE003584D3 /* FirebaseMessaging in Frameworks */,
				96F17EAC2B6100CE003584D3 /* FirebaseInstallations in Frameworks */,
				E89206BEE0EE346C34FD3007 /* Pods_WeMap.framework in Frameworks */,
			);
			runOnlyForDeploymentPostprocessing = 0;
		};
		96F17E602B60F94B003584D3 /* Frameworks */ = {
			isa = PBXFrameworksBuildPhase;
			buildActionMask = 2147483647;
			files = (
				20D6EBF5C29EB99E7A02B901 /* Pods_WeMapTests.framework in Frameworks */,
			);
			runOnlyForDeploymentPostprocessing = 0;
		};
		96F17E6A2B60F94B003584D3 /* Frameworks */ = {
			isa = PBXFrameworksBuildPhase;
			buildActionMask = 2147483647;
			files = (
				153799391A913ABB3F151A3A /* Pods_WeMap_WeMapUITests.framework in Frameworks */,
			);
			runOnlyForDeploymentPostprocessing = 0;
		};
/* End PBXFrameworksBuildPhase section */

/* Begin PBXGroup section */
		1128CF9559224E6DD194BB13 /* Pods */ = {
			isa = PBXGroup;
			children = (
				DDC934A2C4439C482F8DEF38 /* Pods-WeMap.debug.xcconfig */,
				61C4EFCA0E86291369C30A83 /* Pods-WeMap.release.xcconfig */,
				A9BCEFA84E5EAB2DF365979D /* Pods-WeMap-WeMapUITests.debug.xcconfig */,
				6D14279E223235CA3A528B2F /* Pods-WeMap-WeMapUITests.release.xcconfig */,
				438AB02395DDFE2378A00B4C /* Pods-WeMapTests.debug.xcconfig */,
				0ABFF377F54C9F96DB341C38 /* Pods-WeMapTests.release.xcconfig */,
			);
			path = Pods;
			sourceTree = "<group>";
		};
		15AF36E9431B5D30BF82DA51 /* Frameworks */ = {
			isa = PBXGroup;
			children = (
				AB2F652B5A2CFCF1D0CD39AE /* Pods_WeMap.framework */,
				4500451EFC7E281935C4A69F /* Pods_WeMap_WeMapUITests.framework */,
				FDD0EDFDE869E7AE875B1B91 /* Pods_WeMapTests.framework */,
			);
			name = Frameworks;
			sourceTree = "<group>";
		};
		9671BD392BDA902F00AFD305 /* Icon */ = {
			isa = PBXGroup;
			children = (
				96F3B42B2BDB761000B858C9 /* user-icon.png */,
				96DD74442BE114A200A3A261 /* pencil-icon.png */,
				96B1FBCF2BF8CE3400BED8A9 /* marker-red-icon.png */,
				96B1FBD12BF8CE3A00BED8A9 /* marker-blue-icon.png */,
				96B1FBD32BF8CE4200BED8A9 /* bookmark-icon.png */,
			);
			path = Icon;
			sourceTree = "<group>";
		};
		967F118C2BEE43600037ABE3 /* Config */ = {
			isa = PBXGroup;
			children = (
				96A729512BEB53B00006F5C0 /* Constants.swift */,
			);
			path = Config;
			sourceTree = "<group>";
		};
		96C04C932B67E8F1002D3E84 /* Utilities */ = {
			isa = PBXGroup;
			children = (
				96C04C912B67E880002D3E84 /* AlertHelper.swift */,
				9650985B2BE0FDBA009DFCC0 /* NavigationHelper.swift */,
				9650985D2BE0FE8C009DFCC0 /* UIComponents.swift */,
				961ECBBE2BD116490060512A /* GlobalUserManager.swift */,
				96F216A42BDE2AD6005D58BC /* GlobalFriendsManager.swift */,
				9622EE0E2BCC268600D0E677 /* GlobalViewManager.swift */,
				961ECBB82BD0E4370060512A /* Extensions.swift */,
			);
			path = Utilities;
			sourceTree = "<group>";
		};
		96DDD2992BCE9F510034142E /* Models */ = {
			isa = PBXGroup;
			children = (
				967EF1912BC2ABE200D11E5B /* UserModel.swift */,
				96C3F0962BD696C2005306C5 /* UserViewModel.swift */,
				966678CF2BE4B8B300966022 /* NotificationModel.swift */,
			);
			path = Models;
			sourceTree = "<group>";
		};
		96DDD29A2BCE9F830034142E /* Views */ = {
			isa = PBXGroup;
			children = (
				967EF18F2BC27A3600D11E5B /* ProfileTableViewCell.swift */,
				96F773C32BE263200061E343 /* FriendsRequestTableViewCell.swift */,
				9639FE832BE3950F000D3066 /* InviteAlbumTableViewCell.swift */,
				96BABB3B2BE808170094F7E7 /* SettingTableViewCell.swift */,
				96B1FBCD2BF8CD4F00BED8A9 /* LocationDetailsAlbumCell.swift */,
				96DDD2962BCE807F0034142E /* CustomButton.swift */,
				96DDD2942BCE7C570034142E /* CustomTextField.swift */,
				961ECBBA2BD0E78B0060512A /* CustomSearchBar.swift */,
				96646ED02BA34F130091C18A /* MainMapView.swift */,
				96AC30A12BF4D92E001317E9 /* BottomSheetView.swift */,
			);
			path = Views;
			sourceTree = "<group>";
		};
		96DDD29B2BCE9FD40034142E /* ViewControllers */ = {
			isa = PBXGroup;
			children = (
				961ECBC02BD13C9D0060512A /* BaseViewController.swift */,
				96736B352B8CAEE2008FFB47 /* MainViewController.swift */,
				966DFF042BF26BDB007ECC98 /* TabBarViewController.swift */,
				96F17EBF2B612327003584D3 /* SignUpViewController.swift */,
				96F17EBD2B6122EC003584D3 /* SignInViewController.swift */,
				9622EE082BCBF0C000D0E677 /* HomeViewController.swift */,
				9622EE0C2BCC25A500D0E677 /* BookMarkViewController.swift */,
				967EF18B2BC266F400D11E5B /* FriendsListViewController.swift */,
				961ECBBC2BD0FE190060512A /* AddFriendsViewController.swift */,
				96F216A62BDE8679005D58BC /* MyPageViewController.swift */,
				96F773BF2BE24E4D0061E343 /* NotificationViewController.swift */,
				96BABB392BE8071C0094F7E7 /* SettingViewController.swift */,
				96BABB352BE806180094F7E7 /* EditProfileViewController.swift */,
				96AC309F2BF4BA81001317E9 /* LocationDetailsViewController.swift */,
				96AC30A32BF4E586001317E9 /* homeBottomSheetViewController.swift */,
			);
			path = ViewControllers;
			sourceTree = "<group>";
		};
		96DDD29C2BCEA01A0034142E /* Resources */ = {
			isa = PBXGroup;
			children = (
				9671BD392BDA902F00AFD305 /* Icon */,
				96F17E502B60F94A003584D3 /* AppDelegate.swift */,
				96F17E522B60F94A003584D3 /* SceneDelegate.swift */,
				96F17E5E2B60F94B003584D3 /* Info.plist */,
				96DDD2A22BCEA92B0034142E /* GoogleService-Info.plist */,
				96F17E592B60F94B003584D3 /* Assets.xcassets */,
				96DDD2A02BCEA5C60034142E /* Colors.swift */,
			);
			path = Resources;
			sourceTree = "<group>";
		};
		96F17E442B60F94A003584D3 = {
			isa = PBXGroup;
			children = (
				96F17E4F2B60F94A003584D3 /* Storyboards */,
				96DDD29B2BCE9FD40034142E /* ViewControllers */,
				96DDD29A2BCE9F830034142E /* Views */,
				96DDD2992BCE9F510034142E /* Models */,
				96C04C932B67E8F1002D3E84 /* Utilities */,
				96DDD29C2BCEA01A0034142E /* Resources */,
				967F118C2BEE43600037ABE3 /* Config */,
				96F17E662B60F94B003584D3 /* WeMapTests */,
				96F17E702B60F94B003584D3 /* WeMapUITests */,
				96F17E4E2B60F94A003584D3 /* Products */,
				1128CF9559224E6DD194BB13 /* Pods */,
				15AF36E9431B5D30BF82DA51 /* Frameworks */,
			);
			sourceTree = "<group>";
		};
		96F17E4E2B60F94A003584D3 /* Products */ = {
			isa = PBXGroup;
			children = (
				96F17E4D2B60F94A003584D3 /* WeMap.app */,
				96F17E632B60F94B003584D3 /* WeMapTests.xctest */,
				96F17E6D2B60F94B003584D3 /* WeMapUITests.xctest */,
			);
			name = Products;
			sourceTree = "<group>";
		};
		96F17E4F2B60F94A003584D3 /* Storyboards */ = {
			isa = PBXGroup;
			children = (
				96F17E562B60F94A003584D3 /* Main.storyboard */,
				96F17E5B2B60F94B003584D3 /* LaunchScreen.storyboard */,
			);
			path = Storyboards;
			sourceTree = "<group>";
		};
		96F17E662B60F94B003584D3 /* WeMapTests */ = {
			isa = PBXGroup;
			children = (
				96F17E672B60F94B003584D3 /* WeMapTests.swift */,
			);
			path = WeMapTests;
			sourceTree = "<group>";
		};
		96F17E702B60F94B003584D3 /* WeMapUITests */ = {
			isa = PBXGroup;
			children = (
				96F17E712B60F94B003584D3 /* WeMapUITests.swift */,
				96F17E732B60F94B003584D3 /* WeMapUITestsLaunchTests.swift */,
			);
			path = WeMapUITests;
			sourceTree = "<group>";
		};
/* End PBXGroup section */

/* Begin PBXNativeTarget section */
		96F17E4C2B60F94A003584D3 /* WeMap */ = {
			isa = PBXNativeTarget;
			buildConfigurationList = 96F17E772B60F94B003584D3 /* Build configuration list for PBXNativeTarget "WeMap" */;
			buildPhases = (
				E8B410E69387CE350A9FF819 /* [CP] Check Pods Manifest.lock */,
				96F17E492B60F94A003584D3 /* Sources */,
				96F17E4A2B60F94A003584D3 /* Frameworks */,
				96F17E4B2B60F94A003584D3 /* Resources */,
				CF68D968C854E7B8C41B2E83 /* [CP] Embed Pods Frameworks */,
			);
			buildRules = (
			);
			dependencies = (
			);
			name = WeMap;
			packageProductDependencies = (
				96F17E852B6100CE003584D3 /* FirebaseAnalytics */,
				96F17E872B6100CE003584D3 /* FirebaseAnalyticsOnDeviceConversion */,
				96F17E892B6100CE003584D3 /* FirebaseAnalyticsSwift */,
				96F17E8B2B6100CE003584D3 /* FirebaseAnalyticsWithoutAdIdSupport */,
				96F17E8D2B6100CE003584D3 /* FirebaseAppCheck */,
				96F17E8F2B6100CE003584D3 /* FirebaseAppDistribution-Beta */,
				96F17E912B6100CE003584D3 /* FirebaseAuth */,
				96F17E932B6100CE003584D3 /* FirebaseAuthCombine-Community */,
				96F17E952B6100CE003584D3 /* FirebaseCrashlytics */,
				96F17E972B6100CE003584D3 /* FirebaseDatabase */,
				96F17E992B6100CE003584D3 /* FirebaseDatabaseSwift */,
				96F17E9B2B6100CE003584D3 /* FirebaseDynamicLinks */,
				96F17E9D2B6100CE003584D3 /* FirebaseFirestore */,
				96F17E9F2B6100CE003584D3 /* FirebaseFirestoreCombine-Community */,
				96F17EA12B6100CE003584D3 /* FirebaseFirestoreSwift */,
				96F17EA32B6100CE003584D3 /* FirebaseFunctions */,
				96F17EA52B6100CE003584D3 /* FirebaseFunctionsCombine-Community */,
				96F17EA72B6100CE003584D3 /* FirebaseInAppMessaging-Beta */,
				96F17EA92B6100CE003584D3 /* FirebaseInAppMessagingSwift-Beta */,
				96F17EAB2B6100CE003584D3 /* FirebaseInstallations */,
				96F17EAD2B6100CE003584D3 /* FirebaseMLModelDownloader */,
				96F17EAF2B6100CE003584D3 /* FirebaseMessaging */,
				96F17EB12B6100CE003584D3 /* FirebasePerformance */,
				96F17EB32B6100CE003584D3 /* FirebaseRemoteConfig */,
				96F17EB52B6100CE003584D3 /* FirebaseRemoteConfigSwift */,
				96F17EB72B6100CE003584D3 /* FirebaseStorage */,
				96F17EB92B6100CE003584D3 /* FirebaseStorageCombine-Community */,
			);
			productName = WeMap;
			productReference = 96F17E4D2B60F94A003584D3 /* WeMap.app */;
			productType = "com.apple.product-type.application";
		};
		96F17E622B60F94B003584D3 /* WeMapTests */ = {
			isa = PBXNativeTarget;
			buildConfigurationList = 96F17E7A2B60F94B003584D3 /* Build configuration list for PBXNativeTarget "WeMapTests" */;
			buildPhases = (
				9F7F6E97D198DAEE3797F579 /* [CP] Check Pods Manifest.lock */,
				96F17E5F2B60F94B003584D3 /* Sources */,
				96F17E602B60F94B003584D3 /* Frameworks */,
				96F17E612B60F94B003584D3 /* Resources */,
			);
			buildRules = (
			);
			dependencies = (
				96F17E652B60F94B003584D3 /* PBXTargetDependency */,
			);
			name = WeMapTests;
			productName = WeMapTests;
			productReference = 96F17E632B60F94B003584D3 /* WeMapTests.xctest */;
			productType = "com.apple.product-type.bundle.unit-test";
		};
		96F17E6C2B60F94B003584D3 /* WeMapUITests */ = {
			isa = PBXNativeTarget;
			buildConfigurationList = 96F17E7D2B60F94B003584D3 /* Build configuration list for PBXNativeTarget "WeMapUITests" */;
			buildPhases = (
				DE118716E468E2ACCF304108 /* [CP] Check Pods Manifest.lock */,
				96F17E692B60F94B003584D3 /* Sources */,
				96F17E6A2B60F94B003584D3 /* Frameworks */,
				96F17E6B2B60F94B003584D3 /* Resources */,
				15295E0246E1426E87D188E6 /* [CP] Embed Pods Frameworks */,
			);
			buildRules = (
			);
			dependencies = (
				96F17E6F2B60F94B003584D3 /* PBXTargetDependency */,
			);
			name = WeMapUITests;
			productName = WeMapUITests;
			productReference = 96F17E6D2B60F94B003584D3 /* WeMapUITests.xctest */;
			productType = "com.apple.product-type.bundle.ui-testing";
		};
/* End PBXNativeTarget section */

/* Begin PBXProject section */
		96F17E452B60F94A003584D3 /* Project object */ = {
			isa = PBXProject;
			attributes = {
				BuildIndependentTargetsInParallel = 1;
				LastSwiftUpdateCheck = 1430;
				LastUpgradeCheck = 1530;
				TargetAttributes = {
					96F17E4C2B60F94A003584D3 = {
						CreatedOnToolsVersion = 14.3.1;
					};
					96F17E622B60F94B003584D3 = {
						CreatedOnToolsVersion = 14.3.1;
						TestTargetID = 96F17E4C2B60F94A003584D3;
					};
					96F17E6C2B60F94B003584D3 = {
						CreatedOnToolsVersion = 14.3.1;
						TestTargetID = 96F17E4C2B60F94A003584D3;
					};
				};
			};
			buildConfigurationList = 96F17E482B60F94A003584D3 /* Build configuration list for PBXProject "WeMap" */;
			compatibilityVersion = "Xcode 14.0";
			developmentRegion = en;
			hasScannedForEncodings = 0;
			knownRegions = (
				en,
				Base,
			);
			mainGroup = 96F17E442B60F94A003584D3;
			packageReferences = (
				96F17E842B6100CD003584D3 /* XCRemoteSwiftPackageReference "firebase-ios-sdk" */,
			);
			productRefGroup = 96F17E4E2B60F94A003584D3 /* Products */;
			projectDirPath = "";
			projectRoot = "";
			targets = (
				96F17E4C2B60F94A003584D3 /* WeMap */,
				96F17E622B60F94B003584D3 /* WeMapTests */,
				96F17E6C2B60F94B003584D3 /* WeMapUITests */,
			);
		};
/* End PBXProject section */

/* Begin PBXResourcesBuildPhase section */
		96F17E4B2B60F94A003584D3 /* Resources */ = {
			isa = PBXResourcesBuildPhase;
			buildActionMask = 2147483647;
			files = (
				96F17E5D2B60F94B003584D3 /* LaunchScreen.storyboard in Resources */,
				96B1FBD02BF8CE3400BED8A9 /* marker-red-icon.png in Resources */,
				96DDD2A32BCEA92B0034142E /* GoogleService-Info.plist in Resources */,
				96F17E5A2B60F94B003584D3 /* Assets.xcassets in Resources */,
				96B1FBD22BF8CE3A00BED8A9 /* marker-blue-icon.png in Resources */,
				96DD74452BE114A200A3A261 /* pencil-icon.png in Resources */,
				96B1FBD42BF8CE4200BED8A9 /* bookmark-icon.png in Resources */,
				96F3B42C2BDB761000B858C9 /* user-icon.png in Resources */,
				96F17E582B60F94A003584D3 /* Main.storyboard in Resources */,
			);
			runOnlyForDeploymentPostprocessing = 0;
		};
		96F17E612B60F94B003584D3 /* Resources */ = {
			isa = PBXResourcesBuildPhase;
			buildActionMask = 2147483647;
			files = (
			);
			runOnlyForDeploymentPostprocessing = 0;
		};
		96F17E6B2B60F94B003584D3 /* Resources */ = {
			isa = PBXResourcesBuildPhase;
			buildActionMask = 2147483647;
			files = (
			);
			runOnlyForDeploymentPostprocessing = 0;
		};
/* End PBXResourcesBuildPhase section */

/* Begin PBXShellScriptBuildPhase section */
		15295E0246E1426E87D188E6 /* [CP] Embed Pods Frameworks */ = {
			isa = PBXShellScriptBuildPhase;
			buildActionMask = 2147483647;
			files = (
			);
			inputFileListPaths = (
				"${PODS_ROOT}/Target Support Files/Pods-WeMap-WeMapUITests/Pods-WeMap-WeMapUITests-frameworks-${CONFIGURATION}-input-files.xcfilelist",
			);
			name = "[CP] Embed Pods Frameworks";
			outputFileListPaths = (
				"${PODS_ROOT}/Target Support Files/Pods-WeMap-WeMapUITests/Pods-WeMap-WeMapUITests-frameworks-${CONFIGURATION}-output-files.xcfilelist",
			);
			runOnlyForDeploymentPostprocessing = 0;
			shellPath = /bin/sh;
			shellScript = "\"${PODS_ROOT}/Target Support Files/Pods-WeMap-WeMapUITests/Pods-WeMap-WeMapUITests-frameworks.sh\"\n";
			showEnvVarsInLog = 0;
		};
		9F7F6E97D198DAEE3797F579 /* [CP] Check Pods Manifest.lock */ = {
			isa = PBXShellScriptBuildPhase;
			buildActionMask = 2147483647;
			files = (
			);
			inputFileListPaths = (
			);
			inputPaths = (
				"${PODS_PODFILE_DIR_PATH}/Podfile.lock",
				"${PODS_ROOT}/Manifest.lock",
			);
			name = "[CP] Check Pods Manifest.lock";
			outputFileListPaths = (
			);
			outputPaths = (
				"$(DERIVED_FILE_DIR)/Pods-WeMapTests-checkManifestLockResult.txt",
			);
			runOnlyForDeploymentPostprocessing = 0;
			shellPath = /bin/sh;
			shellScript = "diff \"${PODS_PODFILE_DIR_PATH}/Podfile.lock\" \"${PODS_ROOT}/Manifest.lock\" > /dev/null\nif [ $? != 0 ] ; then\n    # print error to STDERR\n    echo \"error: The sandbox is not in sync with the Podfile.lock. Run 'pod install' or update your CocoaPods installation.\" >&2\n    exit 1\nfi\n# This output is used by Xcode 'outputs' to avoid re-running this script phase.\necho \"SUCCESS\" > \"${SCRIPT_OUTPUT_FILE_0}\"\n";
			showEnvVarsInLog = 0;
		};
		CF68D968C854E7B8C41B2E83 /* [CP] Embed Pods Frameworks */ = {
			isa = PBXShellScriptBuildPhase;
			buildActionMask = 2147483647;
			files = (
			);
			inputFileListPaths = (
				"${PODS_ROOT}/Target Support Files/Pods-WeMap/Pods-WeMap-frameworks-${CONFIGURATION}-input-files.xcfilelist",
			);
			name = "[CP] Embed Pods Frameworks";
			outputFileListPaths = (
				"${PODS_ROOT}/Target Support Files/Pods-WeMap/Pods-WeMap-frameworks-${CONFIGURATION}-output-files.xcfilelist",
			);
			runOnlyForDeploymentPostprocessing = 0;
			shellPath = /bin/sh;
			shellScript = "\"${PODS_ROOT}/Target Support Files/Pods-WeMap/Pods-WeMap-frameworks.sh\"\n";
			showEnvVarsInLog = 0;
		};
		DE118716E468E2ACCF304108 /* [CP] Check Pods Manifest.lock */ = {
			isa = PBXShellScriptBuildPhase;
			buildActionMask = 2147483647;
			files = (
			);
			inputFileListPaths = (
			);
			inputPaths = (
				"${PODS_PODFILE_DIR_PATH}/Podfile.lock",
				"${PODS_ROOT}/Manifest.lock",
			);
			name = "[CP] Check Pods Manifest.lock";
			outputFileListPaths = (
			);
			outputPaths = (
				"$(DERIVED_FILE_DIR)/Pods-WeMap-WeMapUITests-checkManifestLockResult.txt",
			);
			runOnlyForDeploymentPostprocessing = 0;
			shellPath = /bin/sh;
			shellScript = "diff \"${PODS_PODFILE_DIR_PATH}/Podfile.lock\" \"${PODS_ROOT}/Manifest.lock\" > /dev/null\nif [ $? != 0 ] ; then\n    # print error to STDERR\n    echo \"error: The sandbox is not in sync with the Podfile.lock. Run 'pod install' or update your CocoaPods installation.\" >&2\n    exit 1\nfi\n# This output is used by Xcode 'outputs' to avoid re-running this script phase.\necho \"SUCCESS\" > \"${SCRIPT_OUTPUT_FILE_0}\"\n";
			showEnvVarsInLog = 0;
		};
		E8B410E69387CE350A9FF819 /* [CP] Check Pods Manifest.lock */ = {
			isa = PBXShellScriptBuildPhase;
			buildActionMask = 2147483647;
			files = (
			);
			inputFileListPaths = (
			);
			inputPaths = (
				"${PODS_PODFILE_DIR_PATH}/Podfile.lock",
				"${PODS_ROOT}/Manifest.lock",
			);
			name = "[CP] Check Pods Manifest.lock";
			outputFileListPaths = (
			);
			outputPaths = (
				"$(DERIVED_FILE_DIR)/Pods-WeMap-checkManifestLockResult.txt",
			);
			runOnlyForDeploymentPostprocessing = 0;
			shellPath = /bin/sh;
			shellScript = "diff \"${PODS_PODFILE_DIR_PATH}/Podfile.lock\" \"${PODS_ROOT}/Manifest.lock\" > /dev/null\nif [ $? != 0 ] ; then\n    # print error to STDERR\n    echo \"error: The sandbox is not in sync with the Podfile.lock. Run 'pod install' or update your CocoaPods installation.\" >&2\n    exit 1\nfi\n# This output is used by Xcode 'outputs' to avoid re-running this script phase.\necho \"SUCCESS\" > \"${SCRIPT_OUTPUT_FILE_0}\"\n";
			showEnvVarsInLog = 0;
		};
/* End PBXShellScriptBuildPhase section */

/* Begin PBXSourcesBuildPhase section */
		96F17E492B60F94A003584D3 /* Sources */ = {
			isa = PBXSourcesBuildPhase;
			buildActionMask = 2147483647;
			files = (
				967EF18C2BC266F400D11E5B /* FriendsListViewController.swift in Sources */,
				96C3F0972BD696C2005306C5 /* UserViewModel.swift in Sources */,
				96DDD2A12BCEA5C60034142E /* Colors.swift in Sources */,
				96F216A52BDE2AD6005D58BC /* GlobalFriendsManager.swift in Sources */,
				961ECBBB2BD0E78B0060512A /* CustomSearchBar.swift in Sources */,
				96BABB3A2BE8071C0094F7E7 /* SettingViewController.swift in Sources */,
				9650985E2BE0FE8C009DFCC0 /* UIComponents.swift in Sources */,
				9639FE842BE3950F000D3066 /* InviteAlbumTableViewCell.swift in Sources */,
				961ECBC12BD13C9D0060512A /* BaseViewController.swift in Sources */,
				96F17E512B60F94A003584D3 /* AppDelegate.swift in Sources */,
				96F216A72BDE8679005D58BC /* MyPageViewController.swift in Sources */,
				966678D02BE4B8B300966022 /* NotificationModel.swift in Sources */,
				96BABB362BE806180094F7E7 /* EditProfileViewController.swift in Sources */,
				96646ED12BA34F130091C18A /* MainMapView.swift in Sources */,
				96DDD2952BCE7C570034142E /* CustomTextField.swift in Sources */,
				96BABB3C2BE808170094F7E7 /* SettingTableViewCell.swift in Sources */,
				96AC30A22BF4D92E001317E9 /* BottomSheetView.swift in Sources */,
				967EF1902BC27A3600D11E5B /* ProfileTableViewCell.swift in Sources */,
				961ECBB92BD0E4370060512A /* Extensions.swift in Sources */,
				96F17E532B60F94A003584D3 /* SceneDelegate.swift in Sources */,
				96F17EC02B612327003584D3 /* SignUpViewController.swift in Sources */,
				9622EE0D2BCC25A500D0E677 /* BookMarkViewController.swift in Sources */,
				96736B362B8CAEE2008FFB47 /* MainViewController.swift in Sources */,
				9622EE0F2BCC268600D0E677 /* GlobalViewManager.swift in Sources */,
				96C04C922B67E880002D3E84 /* AlertHelper.swift in Sources */,
				96AC30A02BF4BA81001317E9 /* LocationDetailsViewController.swift in Sources */,
				96B1FBCE2BF8CD4F00BED8A9 /* LocationDetailsAlbumCell.swift in Sources */,
				96DDD2972BCE807F0034142E /* CustomButton.swift in Sources */,
				96F773C42BE263200061E343 /* FriendsRequestTableViewCell.swift in Sources */,
				961ECBBF2BD116490060512A /* GlobalUserManager.swift in Sources */,
				967EF1922BC2ABE200D11E5B /* UserModel.swift in Sources */,
				961ECBBD2BD0FE190060512A /* AddFriendsViewController.swift in Sources */,
				966DFF052BF26BDB007ECC98 /* TabBarViewController.swift in Sources */,
				96F17EBE2B6122EC003584D3 /* SignInViewController.swift in Sources */,
				96F773C02BE24E4D0061E343 /* NotificationViewController.swift in Sources */,
				9650985C2BE0FDBA009DFCC0 /* NavigationHelper.swift in Sources */,
				9622EE092BCBF0C000D0E677 /* HomeViewController.swift in Sources */,
				96AC30A42BF4E586001317E9 /* homeBottomSheetViewController.swift in Sources */,
				96A729522BEB53B00006F5C0 /* Constants.swift in Sources */,
			);
			runOnlyForDeploymentPostprocessing = 0;
		};
		96F17E5F2B60F94B003584D3 /* Sources */ = {
			isa = PBXSourcesBuildPhase;
			buildActionMask = 2147483647;
			files = (
				96F17E682B60F94B003584D3 /* WeMapTests.swift in Sources */,
			);
			runOnlyForDeploymentPostprocessing = 0;
		};
		96F17E692B60F94B003584D3 /* Sources */ = {
			isa = PBXSourcesBuildPhase;
			buildActionMask = 2147483647;
			files = (
				96F17E722B60F94B003584D3 /* WeMapUITests.swift in Sources */,
				96F17E742B60F94B003584D3 /* WeMapUITestsLaunchTests.swift in Sources */,
			);
			runOnlyForDeploymentPostprocessing = 0;
		};
/* End PBXSourcesBuildPhase section */

/* Begin PBXTargetDependency section */
		96F17E652B60F94B003584D3 /* PBXTargetDependency */ = {
			isa = PBXTargetDependency;
			target = 96F17E4C2B60F94A003584D3 /* WeMap */;
			targetProxy = 96F17E642B60F94B003584D3 /* PBXContainerItemProxy */;
		};
		96F17E6F2B60F94B003584D3 /* PBXTargetDependency */ = {
			isa = PBXTargetDependency;
			target = 96F17E4C2B60F94A003584D3 /* WeMap */;
			targetProxy = 96F17E6E2B60F94B003584D3 /* PBXContainerItemProxy */;
		};
/* End PBXTargetDependency section */

/* Begin PBXVariantGroup section */
		96F17E562B60F94A003584D3 /* Main.storyboard */ = {
			isa = PBXVariantGroup;
			children = (
				96F17E572B60F94A003584D3 /* Base */,
			);
			name = Main.storyboard;
			sourceTree = "<group>";
		};
		96F17E5B2B60F94B003584D3 /* LaunchScreen.storyboard */ = {
			isa = PBXVariantGroup;
			children = (
				96F17E5C2B60F94B003584D3 /* Base */,
			);
			name = LaunchScreen.storyboard;
			sourceTree = "<group>";
		};
/* End PBXVariantGroup section */

/* Begin XCBuildConfiguration section */
		96F17E752B60F94B003584D3 /* Debug */ = {
			isa = XCBuildConfiguration;
			buildSettings = {
				ALWAYS_SEARCH_USER_PATHS = NO;
				CLANG_ANALYZER_NONNULL = YES;
				CLANG_ANALYZER_NUMBER_OBJECT_CONVERSION = YES_AGGRESSIVE;
				CLANG_CXX_LANGUAGE_STANDARD = "gnu++20";
				CLANG_ENABLE_MODULES = YES;
				CLANG_ENABLE_OBJC_ARC = YES;
				CLANG_ENABLE_OBJC_WEAK = YES;
				CLANG_WARN_BLOCK_CAPTURE_AUTORELEASING = YES;
				CLANG_WARN_BOOL_CONVERSION = YES;
				CLANG_WARN_COMMA = YES;
				CLANG_WARN_CONSTANT_CONVERSION = YES;
				CLANG_WARN_DEPRECATED_OBJC_IMPLEMENTATIONS = YES;
				CLANG_WARN_DIRECT_OBJC_ISA_USAGE = YES_ERROR;
				CLANG_WARN_DOCUMENTATION_COMMENTS = YES;
				CLANG_WARN_EMPTY_BODY = YES;
				CLANG_WARN_ENUM_CONVERSION = YES;
				CLANG_WARN_INFINITE_RECURSION = YES;
				CLANG_WARN_INT_CONVERSION = YES;
				CLANG_WARN_NON_LITERAL_NULL_CONVERSION = YES;
				CLANG_WARN_OBJC_IMPLICIT_RETAIN_SELF = YES;
				CLANG_WARN_OBJC_LITERAL_CONVERSION = YES;
				CLANG_WARN_OBJC_ROOT_CLASS = YES_ERROR;
				CLANG_WARN_QUOTED_INCLUDE_IN_FRAMEWORK_HEADER = YES;
				CLANG_WARN_RANGE_LOOP_ANALYSIS = YES;
				CLANG_WARN_STRICT_PROTOTYPES = YES;
				CLANG_WARN_SUSPICIOUS_MOVE = YES;
				CLANG_WARN_UNGUARDED_AVAILABILITY = YES_AGGRESSIVE;
				CLANG_WARN_UNREACHABLE_CODE = YES;
				CLANG_WARN__DUPLICATE_METHOD_MATCH = YES;
				COPY_PHASE_STRIP = NO;
				DEBUG_INFORMATION_FORMAT = dwarf;
				ENABLE_STRICT_OBJC_MSGSEND = YES;
				ENABLE_TESTABILITY = YES;
				ENABLE_USER_SCRIPT_SANDBOXING = NO;
				GCC_C_LANGUAGE_STANDARD = gnu11;
				GCC_DYNAMIC_NO_PIC = NO;
				GCC_NO_COMMON_BLOCKS = YES;
				GCC_OPTIMIZATION_LEVEL = 0;
				GCC_PREPROCESSOR_DEFINITIONS = (
					"DEBUG=1",
					"$(inherited)",
				);
				GCC_WARN_64_TO_32_BIT_CONVERSION = YES;
				GCC_WARN_ABOUT_RETURN_TYPE = YES_ERROR;
				GCC_WARN_UNDECLARED_SELECTOR = YES;
				GCC_WARN_UNINITIALIZED_AUTOS = YES_AGGRESSIVE;
				GCC_WARN_UNUSED_FUNCTION = YES;
				GCC_WARN_UNUSED_VARIABLE = YES;
				IPHONEOS_DEPLOYMENT_TARGET = 16.4;
				MTL_ENABLE_DEBUG_INFO = INCLUDE_SOURCE;
				MTL_FAST_MATH = YES;
				ONLY_ACTIVE_ARCH = YES;
				SDKROOT = iphoneos;
				SWIFT_ACTIVE_COMPILATION_CONDITIONS = DEBUG;
				SWIFT_OPTIMIZATION_LEVEL = "-Onone";
			};
			name = Debug;
		};
		96F17E762B60F94B003584D3 /* Release */ = {
			isa = XCBuildConfiguration;
			buildSettings = {
				ALWAYS_SEARCH_USER_PATHS = NO;
				CLANG_ANALYZER_NONNULL = YES;
				CLANG_ANALYZER_NUMBER_OBJECT_CONVERSION = YES_AGGRESSIVE;
				CLANG_CXX_LANGUAGE_STANDARD = "gnu++20";
				CLANG_ENABLE_MODULES = YES;
				CLANG_ENABLE_OBJC_ARC = YES;
				CLANG_ENABLE_OBJC_WEAK = YES;
				CLANG_WARN_BLOCK_CAPTURE_AUTORELEASING = YES;
				CLANG_WARN_BOOL_CONVERSION = YES;
				CLANG_WARN_COMMA = YES;
				CLANG_WARN_CONSTANT_CONVERSION = YES;
				CLANG_WARN_DEPRECATED_OBJC_IMPLEMENTATIONS = YES;
				CLANG_WARN_DIRECT_OBJC_ISA_USAGE = YES_ERROR;
				CLANG_WARN_DOCUMENTATION_COMMENTS = YES;
				CLANG_WARN_EMPTY_BODY = YES;
				CLANG_WARN_ENUM_CONVERSION = YES;
				CLANG_WARN_INFINITE_RECURSION = YES;
				CLANG_WARN_INT_CONVERSION = YES;
				CLANG_WARN_NON_LITERAL_NULL_CONVERSION = YES;
				CLANG_WARN_OBJC_IMPLICIT_RETAIN_SELF = YES;
				CLANG_WARN_OBJC_LITERAL_CONVERSION = YES;
				CLANG_WARN_OBJC_ROOT_CLASS = YES_ERROR;
				CLANG_WARN_QUOTED_INCLUDE_IN_FRAMEWORK_HEADER = YES;
				CLANG_WARN_RANGE_LOOP_ANALYSIS = YES;
				CLANG_WARN_STRICT_PROTOTYPES = YES;
				CLANG_WARN_SUSPICIOUS_MOVE = YES;
				CLANG_WARN_UNGUARDED_AVAILABILITY = YES_AGGRESSIVE;
				CLANG_WARN_UNREACHABLE_CODE = YES;
				CLANG_WARN__DUPLICATE_METHOD_MATCH = YES;
				COPY_PHASE_STRIP = NO;
				DEBUG_INFORMATION_FORMAT = "dwarf-with-dsym";
				ENABLE_NS_ASSERTIONS = NO;
				ENABLE_STRICT_OBJC_MSGSEND = YES;
				ENABLE_USER_SCRIPT_SANDBOXING = NO;
				GCC_C_LANGUAGE_STANDARD = gnu11;
				GCC_NO_COMMON_BLOCKS = YES;
				GCC_WARN_64_TO_32_BIT_CONVERSION = YES;
				GCC_WARN_ABOUT_RETURN_TYPE = YES_ERROR;
				GCC_WARN_UNDECLARED_SELECTOR = YES;
				GCC_WARN_UNINITIALIZED_AUTOS = YES_AGGRESSIVE;
				GCC_WARN_UNUSED_FUNCTION = YES;
				GCC_WARN_UNUSED_VARIABLE = YES;
				IPHONEOS_DEPLOYMENT_TARGET = 16.4;
				MTL_ENABLE_DEBUG_INFO = NO;
				MTL_FAST_MATH = YES;
				SDKROOT = iphoneos;
				SWIFT_COMPILATION_MODE = wholemodule;
				SWIFT_OPTIMIZATION_LEVEL = "-O";
				VALIDATE_PRODUCT = YES;
			};
			name = Release;
		};
		96F17E782B60F94B003584D3 /* Debug */ = {
			isa = XCBuildConfiguration;
			baseConfigurationReference = DDC934A2C4439C482F8DEF38 /* Pods-WeMap.debug.xcconfig */;
			buildSettings = {
				ASSETCATALOG_COMPILER_APPICON_NAME = AppIcon;
				ASSETCATALOG_COMPILER_GLOBAL_ACCENT_COLOR_NAME = AccentColor;
				CODE_SIGN_STYLE = Automatic;
				CURRENT_PROJECT_VERSION = 1;
				DEVELOPMENT_TEAM = 3NSNDGXLF2;
				GENERATE_INFOPLIST_FILE = YES;
				INFOPLIST_FILE = Resources/Info.plist;
				INFOPLIST_KEY_CFBundleDisplayName = "위맵";
				INFOPLIST_KEY_UIApplicationSupportsIndirectInputEvents = YES;
				INFOPLIST_KEY_UILaunchStoryboardName = LaunchScreen;
				INFOPLIST_KEY_UIMainStoryboardFile = Main;
				INFOPLIST_KEY_UISupportedInterfaceOrientations_iPad = "UIInterfaceOrientationPortrait UIInterfaceOrientationPortraitUpsideDown UIInterfaceOrientationLandscapeLeft UIInterfaceOrientationLandscapeRight";
				INFOPLIST_KEY_UISupportedInterfaceOrientations_iPhone = "UIInterfaceOrientationPortrait UIInterfaceOrientationLandscapeLeft UIInterfaceOrientationLandscapeRight";
				LD_RUNPATH_SEARCH_PATHS = (
					"$(inherited)",
					"@executable_path/Frameworks",
				);
				MARKETING_VERSION = 1.0;
				PRODUCT_BUNDLE_IDENTIFIER = sohxxny.WeMap;
				PRODUCT_NAME = "$(TARGET_NAME)";
				SWIFT_EMIT_LOC_STRINGS = YES;
				SWIFT_VERSION = 5.0;
				TARGETED_DEVICE_FAMILY = 1;
			};
			name = Debug;
		};
		96F17E792B60F94B003584D3 /* Release */ = {
			isa = XCBuildConfiguration;
			baseConfigurationReference = 61C4EFCA0E86291369C30A83 /* Pods-WeMap.release.xcconfig */;
			buildSettings = {
				ASSETCATALOG_COMPILER_APPICON_NAME = AppIcon;
				ASSETCATALOG_COMPILER_GLOBAL_ACCENT_COLOR_NAME = AccentColor;
				CODE_SIGN_STYLE = Automatic;
				CURRENT_PROJECT_VERSION = 1;
				DEVELOPMENT_TEAM = 3NSNDGXLF2;
				GENERATE_INFOPLIST_FILE = YES;
				INFOPLIST_FILE = Resources/Info.plist;
				INFOPLIST_KEY_CFBundleDisplayName = "위맵";
				INFOPLIST_KEY_UIApplicationSupportsIndirectInputEvents = YES;
				INFOPLIST_KEY_UILaunchStoryboardName = LaunchScreen;
				INFOPLIST_KEY_UIMainStoryboardFile = Main;
				INFOPLIST_KEY_UISupportedInterfaceOrientations_iPad = "UIInterfaceOrientationPortrait UIInterfaceOrientationPortraitUpsideDown UIInterfaceOrientationLandscapeLeft UIInterfaceOrientationLandscapeRight";
				INFOPLIST_KEY_UISupportedInterfaceOrientations_iPhone = "UIInterfaceOrientationPortrait UIInterfaceOrientationLandscapeLeft UIInterfaceOrientationLandscapeRight";
				LD_RUNPATH_SEARCH_PATHS = (
					"$(inherited)",
					"@executable_path/Frameworks",
				);
				MARKETING_VERSION = 1.0;
				PRODUCT_BUNDLE_IDENTIFIER = sohxxny.WeMap;
				PRODUCT_NAME = "$(TARGET_NAME)";
				SWIFT_EMIT_LOC_STRINGS = YES;
				SWIFT_VERSION = 5.0;
				TARGETED_DEVICE_FAMILY = 1;
			};
			name = Release;
		};
		96F17E7B2B60F94B003584D3 /* Debug */ = {
			isa = XCBuildConfiguration;
			baseConfigurationReference = 438AB02395DDFE2378A00B4C /* Pods-WeMapTests.debug.xcconfig */;
			buildSettings = {
				ALWAYS_EMBED_SWIFT_STANDARD_LIBRARIES = YES;
				BUNDLE_LOADER = "$(TEST_HOST)";
				CODE_SIGN_STYLE = Automatic;
				CURRENT_PROJECT_VERSION = 1;
				GENERATE_INFOPLIST_FILE = YES;
				IPHONEOS_DEPLOYMENT_TARGET = 16.4;
				MARKETING_VERSION = 1.0;
				PRODUCT_BUNDLE_IDENTIFIER = sohxxny.WeMapTests;
				PRODUCT_NAME = "$(TARGET_NAME)";
				SWIFT_EMIT_LOC_STRINGS = NO;
				SWIFT_VERSION = 5.0;
				TARGETED_DEVICE_FAMILY = "1,2";
				TEST_HOST = "$(BUILT_PRODUCTS_DIR)/WeMap.app/$(BUNDLE_EXECUTABLE_FOLDER_PATH)/WeMap";
			};
			name = Debug;
		};
		96F17E7C2B60F94B003584D3 /* Release */ = {
			isa = XCBuildConfiguration;
			baseConfigurationReference = 0ABFF377F54C9F96DB341C38 /* Pods-WeMapTests.release.xcconfig */;
			buildSettings = {
				ALWAYS_EMBED_SWIFT_STANDARD_LIBRARIES = YES;
				BUNDLE_LOADER = "$(TEST_HOST)";
				CODE_SIGN_STYLE = Automatic;
				CURRENT_PROJECT_VERSION = 1;
				GENERATE_INFOPLIST_FILE = YES;
				IPHONEOS_DEPLOYMENT_TARGET = 16.4;
				MARKETING_VERSION = 1.0;
				PRODUCT_BUNDLE_IDENTIFIER = sohxxny.WeMapTests;
				PRODUCT_NAME = "$(TARGET_NAME)";
				SWIFT_EMIT_LOC_STRINGS = NO;
				SWIFT_VERSION = 5.0;
				TARGETED_DEVICE_FAMILY = "1,2";
				TEST_HOST = "$(BUILT_PRODUCTS_DIR)/WeMap.app/$(BUNDLE_EXECUTABLE_FOLDER_PATH)/WeMap";
			};
			name = Release;
		};
		96F17E7E2B60F94B003584D3 /* Debug */ = {
			isa = XCBuildConfiguration;
			baseConfigurationReference = A9BCEFA84E5EAB2DF365979D /* Pods-WeMap-WeMapUITests.debug.xcconfig */;
			buildSettings = {
				ALWAYS_EMBED_SWIFT_STANDARD_LIBRARIES = YES;
				CODE_SIGN_STYLE = Automatic;
				CURRENT_PROJECT_VERSION = 1;
				GENERATE_INFOPLIST_FILE = YES;
				MARKETING_VERSION = 1.0;
				PRODUCT_BUNDLE_IDENTIFIER = sohxxny.WeMapUITests;
				PRODUCT_NAME = "$(TARGET_NAME)";
				SWIFT_EMIT_LOC_STRINGS = NO;
				SWIFT_VERSION = 5.0;
				TARGETED_DEVICE_FAMILY = "1,2";
				TEST_TARGET_NAME = WeMap;
			};
			name = Debug;
		};
		96F17E7F2B60F94B003584D3 /* Release */ = {
			isa = XCBuildConfiguration;
			baseConfigurationReference = 6D14279E223235CA3A528B2F /* Pods-WeMap-WeMapUITests.release.xcconfig */;
			buildSettings = {
				ALWAYS_EMBED_SWIFT_STANDARD_LIBRARIES = YES;
				CODE_SIGN_STYLE = Automatic;
				CURRENT_PROJECT_VERSION = 1;
				GENERATE_INFOPLIST_FILE = YES;
				MARKETING_VERSION = 1.0;
				PRODUCT_BUNDLE_IDENTIFIER = sohxxny.WeMapUITests;
				PRODUCT_NAME = "$(TARGET_NAME)";
				SWIFT_EMIT_LOC_STRINGS = NO;
				SWIFT_VERSION = 5.0;
				TARGETED_DEVICE_FAMILY = "1,2";
				TEST_TARGET_NAME = WeMap;
			};
			name = Release;
		};
/* End XCBuildConfiguration section */

/* Begin XCConfigurationList section */
		96F17E482B60F94A003584D3 /* Build configuration list for PBXProject "WeMap" */ = {
			isa = XCConfigurationList;
			buildConfigurations = (
				96F17E752B60F94B003584D3 /* Debug */,
				96F17E762B60F94B003584D3 /* Release */,
			);
			defaultConfigurationIsVisible = 0;
			defaultConfigurationName = Release;
		};
		96F17E772B60F94B003584D3 /* Build configuration list for PBXNativeTarget "WeMap" */ = {
			isa = XCConfigurationList;
			buildConfigurations = (
				96F17E782B60F94B003584D3 /* Debug */,
				96F17E792B60F94B003584D3 /* Release */,
			);
			defaultConfigurationIsVisible = 0;
			defaultConfigurationName = Release;
		};
		96F17E7A2B60F94B003584D3 /* Build configuration list for PBXNativeTarget "WeMapTests" */ = {
			isa = XCConfigurationList;
			buildConfigurations = (
				96F17E7B2B60F94B003584D3 /* Debug */,
				96F17E7C2B60F94B003584D3 /* Release */,
			);
			defaultConfigurationIsVisible = 0;
			defaultConfigurationName = Release;
		};
		96F17E7D2B60F94B003584D3 /* Build configuration list for PBXNativeTarget "WeMapUITests" */ = {
			isa = XCConfigurationList;
			buildConfigurations = (
				96F17E7E2B60F94B003584D3 /* Debug */,
				96F17E7F2B60F94B003584D3 /* Release */,
			);
			defaultConfigurationIsVisible = 0;
			defaultConfigurationName = Release;
		};
/* End XCConfigurationList section */

/* Begin XCRemoteSwiftPackageReference section */
		96F17E842B6100CD003584D3 /* XCRemoteSwiftPackageReference "firebase-ios-sdk" */ = {
			isa = XCRemoteSwiftPackageReference;
			repositoryURL = "https://github.com/firebase/firebase-ios-sdk";
			requirement = {
				kind = upToNextMajorVersion;
				minimumVersion = 10.0.0;
			};
		};
/* End XCRemoteSwiftPackageReference section */

/* Begin XCSwiftPackageProductDependency section */
		96F17E852B6100CE003584D3 /* FirebaseAnalytics */ = {
			isa = XCSwiftPackageProductDependency;
			package = 96F17E842B6100CD003584D3 /* XCRemoteSwiftPackageReference "firebase-ios-sdk" */;
			productName = FirebaseAnalytics;
		};
		96F17E872B6100CE003584D3 /* FirebaseAnalyticsOnDeviceConversion */ = {
			isa = XCSwiftPackageProductDependency;
			package = 96F17E842B6100CD003584D3 /* XCRemoteSwiftPackageReference "firebase-ios-sdk" */;
			productName = FirebaseAnalyticsOnDeviceConversion;
		};
		96F17E892B6100CE003584D3 /* FirebaseAnalyticsSwift */ = {
			isa = XCSwiftPackageProductDependency;
			package = 96F17E842B6100CD003584D3 /* XCRemoteSwiftPackageReference "firebase-ios-sdk" */;
			productName = FirebaseAnalyticsSwift;
		};
		96F17E8B2B6100CE003584D3 /* FirebaseAnalyticsWithoutAdIdSupport */ = {
			isa = XCSwiftPackageProductDependency;
			package = 96F17E842B6100CD003584D3 /* XCRemoteSwiftPackageReference "firebase-ios-sdk" */;
			productName = FirebaseAnalyticsWithoutAdIdSupport;
		};
		96F17E8D2B6100CE003584D3 /* FirebaseAppCheck */ = {
			isa = XCSwiftPackageProductDependency;
			package = 96F17E842B6100CD003584D3 /* XCRemoteSwiftPackageReference "firebase-ios-sdk" */;
			productName = FirebaseAppCheck;
		};
		96F17E8F2B6100CE003584D3 /* FirebaseAppDistribution-Beta */ = {
			isa = XCSwiftPackageProductDependency;
			package = 96F17E842B6100CD003584D3 /* XCRemoteSwiftPackageReference "firebase-ios-sdk" */;
			productName = "FirebaseAppDistribution-Beta";
		};
		96F17E912B6100CE003584D3 /* FirebaseAuth */ = {
			isa = XCSwiftPackageProductDependency;
			package = 96F17E842B6100CD003584D3 /* XCRemoteSwiftPackageReference "firebase-ios-sdk" */;
			productName = FirebaseAuth;
		};
		96F17E932B6100CE003584D3 /* FirebaseAuthCombine-Community */ = {
			isa = XCSwiftPackageProductDependency;
			package = 96F17E842B6100CD003584D3 /* XCRemoteSwiftPackageReference "firebase-ios-sdk" */;
			productName = "FirebaseAuthCombine-Community";
		};
		96F17E952B6100CE003584D3 /* FirebaseCrashlytics */ = {
			isa = XCSwiftPackageProductDependency;
			package = 96F17E842B6100CD003584D3 /* XCRemoteSwiftPackageReference "firebase-ios-sdk" */;
			productName = FirebaseCrashlytics;
		};
		96F17E972B6100CE003584D3 /* FirebaseDatabase */ = {
			isa = XCSwiftPackageProductDependency;
			package = 96F17E842B6100CD003584D3 /* XCRemoteSwiftPackageReference "firebase-ios-sdk" */;
			productName = FirebaseDatabase;
		};
		96F17E992B6100CE003584D3 /* FirebaseDatabaseSwift */ = {
			isa = XCSwiftPackageProductDependency;
			package = 96F17E842B6100CD003584D3 /* XCRemoteSwiftPackageReference "firebase-ios-sdk" */;
			productName = FirebaseDatabaseSwift;
		};
		96F17E9B2B6100CE003584D3 /* FirebaseDynamicLinks */ = {
			isa = XCSwiftPackageProductDependency;
			package = 96F17E842B6100CD003584D3 /* XCRemoteSwiftPackageReference "firebase-ios-sdk" */;
			productName = FirebaseDynamicLinks;
		};
		96F17E9D2B6100CE003584D3 /* FirebaseFirestore */ = {
			isa = XCSwiftPackageProductDependency;
			package = 96F17E842B6100CD003584D3 /* XCRemoteSwiftPackageReference "firebase-ios-sdk" */;
			productName = FirebaseFirestore;
		};
		96F17E9F2B6100CE003584D3 /* FirebaseFirestoreCombine-Community */ = {
			isa = XCSwiftPackageProductDependency;
			package = 96F17E842B6100CD003584D3 /* XCRemoteSwiftPackageReference "firebase-ios-sdk" */;
			productName = "FirebaseFirestoreCombine-Community";
		};
		96F17EA12B6100CE003584D3 /* FirebaseFirestoreSwift */ = {
			isa = XCSwiftPackageProductDependency;
			package = 96F17E842B6100CD003584D3 /* XCRemoteSwiftPackageReference "firebase-ios-sdk" */;
			productName = FirebaseFirestoreSwift;
		};
		96F17EA32B6100CE003584D3 /* FirebaseFunctions */ = {
			isa = XCSwiftPackageProductDependency;
			package = 96F17E842B6100CD003584D3 /* XCRemoteSwiftPackageReference "firebase-ios-sdk" */;
			productName = FirebaseFunctions;
		};
		96F17EA52B6100CE003584D3 /* FirebaseFunctionsCombine-Community */ = {
			isa = XCSwiftPackageProductDependency;
			package = 96F17E842B6100CD003584D3 /* XCRemoteSwiftPackageReference "firebase-ios-sdk" */;
			productName = "FirebaseFunctionsCombine-Community";
		};
		96F17EA72B6100CE003584D3 /* FirebaseInAppMessaging-Beta */ = {
			isa = XCSwiftPackageProductDependency;
			package = 96F17E842B6100CD003584D3 /* XCRemoteSwiftPackageReference "firebase-ios-sdk" */;
			productName = "FirebaseInAppMessaging-Beta";
		};
		96F17EA92B6100CE003584D3 /* FirebaseInAppMessagingSwift-Beta */ = {
			isa = XCSwiftPackageProductDependency;
			package = 96F17E842B6100CD003584D3 /* XCRemoteSwiftPackageReference "firebase-ios-sdk" */;
			productName = "FirebaseInAppMessagingSwift-Beta";
		};
		96F17EAB2B6100CE003584D3 /* FirebaseInstallations */ = {
			isa = XCSwiftPackageProductDependency;
			package = 96F17E842B6100CD003584D3 /* XCRemoteSwiftPackageReference "firebase-ios-sdk" */;
			productName = FirebaseInstallations;
		};
		96F17EAD2B6100CE003584D3 /* FirebaseMLModelDownloader */ = {
			isa = XCSwiftPackageProductDependency;
			package = 96F17E842B6100CD003584D3 /* XCRemoteSwiftPackageReference "firebase-ios-sdk" */;
			productName = FirebaseMLModelDownloader;
		};
		96F17EAF2B6100CE003584D3 /* FirebaseMessaging */ = {
			isa = XCSwiftPackageProductDependency;
			package = 96F17E842B6100CD003584D3 /* XCRemoteSwiftPackageReference "firebase-ios-sdk" */;
			productName = FirebaseMessaging;
		};
		96F17EB12B6100CE003584D3 /* FirebasePerformance */ = {
			isa = XCSwiftPackageProductDependency;
			package = 96F17E842B6100CD003584D3 /* XCRemoteSwiftPackageReference "firebase-ios-sdk" */;
			productName = FirebasePerformance;
		};
		96F17EB32B6100CE003584D3 /* FirebaseRemoteConfig */ = {
			isa = XCSwiftPackageProductDependency;
			package = 96F17E842B6100CD003584D3 /* XCRemoteSwiftPackageReference "firebase-ios-sdk" */;
			productName = FirebaseRemoteConfig;
		};
		96F17EB52B6100CE003584D3 /* FirebaseRemoteConfigSwift */ = {
			isa = XCSwiftPackageProductDependency;
			package = 96F17E842B6100CD003584D3 /* XCRemoteSwiftPackageReference "firebase-ios-sdk" */;
			productName = FirebaseRemoteConfigSwift;
		};
		96F17EB72B6100CE003584D3 /* FirebaseStorage */ = {
			isa = XCSwiftPackageProductDependency;
			package = 96F17E842B6100CD003584D3 /* XCRemoteSwiftPackageReference "firebase-ios-sdk" */;
			productName = FirebaseStorage;
		};
		96F17EB92B6100CE003584D3 /* FirebaseStorageCombine-Community */ = {
			isa = XCSwiftPackageProductDependency;
			package = 96F17E842B6100CD003584D3 /* XCRemoteSwiftPackageReference "firebase-ios-sdk" */;
			productName = "FirebaseStorageCombine-Community";
		};
/* End XCSwiftPackageProductDependency section */
	};
	rootObject = 96F17E452B60F94A003584D3 /* Project object */;
}
